
Microsoft Visual Studio Solution File, Format Version 12.00
# Visual Studio Version 16
VisualStudioVersion = 16.0.32002.261
MinimumVisualStudioVersion = 10.0.40219.1
Project("{930C7802-8A8C-48F9-8165-68863BCCD9DD}") = "ThMEPInstaller", "ThMEPInstaller.wixproj", "{022404C2-2DA8-4C1B-A630-143460509E00}"
EndProject
Global
	GlobalSection(SolutionConfigurationPlatforms) = preSolution
		Debug|x86 = Debug|x86
		Release|x86 = Release|x86
	EndGlobalSection
	GlobalSection(ProjectConfigurationPlatforms) = postSolution
		{022404C2-2DA8-4C1B-A630-143460509E00}.Debug|x86.ActiveCfg = Debug|x86
		{022404C2-2DA8-4C1B-A630-143460509E00}.Debug|x86.Build.0 = Debug|x86
		{022404C2-2DA8-4C1B-A630-143460509E00}.Release|x86.ActiveCfg = Release|x86
		{022404C2-2DA8-4C1B-A630-143460509E00}.Release|x86.Build.0 = Release|x86
	EndGlobalSection
	GlobalSection(SolutionProperties) = preSolution
		HideSolutionNode = FALSE
	EndGlobalSection
	GlobalSection(ExtensibilityGlobals) = postSolution
		SolutionGuid = {FC603F85-9D5E-4D6E-BDB9-C09ABA01565C}
	EndGlobalSection
EndGlobal
