
Microsoft Visual Studio Solution File, Format Version 12.00
# Visual Studio Version 16
VisualStudioVersion = 16.0.30503.244
MinimumVisualStudioVersion = 10.0.40219.1
Project("{FAE04EC0-301F-11D3-BF4B-00C04F79EFBC}") = "ThMEPEngineCore", "ThMEPEngineCore\ThMEPEngineCore.csproj", "{AD98390A-569D-4774-AA3E-D9F00BC84CD6}"
EndProject
Project("{FAE04EC0-301F-11D3-BF4B-00C04F79EFBC}") = "DotNetARX", "DotNetARX\2010\DotNetARX.csproj", "{5DDFCADA-BEA4-402C-B3E4-5C7F83C2F09E}"
EndProject
Project("{FAE04EC0-301F-11D3-BF4B-00C04F79EFBC}") = "ThCADCore", "ThCADCore\ThCADCore.csproj", "{C6AC9E68-9059-4DDD-8FA7-58E2656D572E}"
EndProject
Project("{FAE04EC0-301F-11D3-BF4B-00C04F79EFBC}") = "ThCADCore.Test", "ThCADCore.Test\ThCADCore.Test.csproj", "{6076B322-959E-46B1-AA98-ADB363B10438}"
EndProject
Project("{FAE04EC0-301F-11D3-BF4B-00C04F79EFBC}") = "ThMEPEngineCore.Test", "ThMEPEngineCore.Test\ThMEPEngineCore.Test.csproj", "{177B4E6A-7482-4D77-9A31-4AF641802AE7}"
EndProject
Project("{FAE04EC0-301F-11D3-BF4B-00C04F79EFBC}") = "ThMEPWSS", "ThMEPWSS\ThMEPWSS.csproj", "{B9BB0F36-DFA2-446A-A676-049304C38FD9}"
EndProject
Project("{FAE04EC0-301F-11D3-BF4B-00C04F79EFBC}") = "CADExtension", "CADExtension\CADExtension.csproj", "{11DAD9AC-DA76-4B36-8315-9AF9BA638D41}"
EndProject
Project("{FAE04EC0-301F-11D3-BF4B-00C04F79EFBC}") = "ThCADExtension", "ThCADExtension\ThCADExtension.csproj", "{2ABCDB6E-F0C9-44C1-960F-31D494EF9738}"
EndProject
Project("{FAE04EC0-301F-11D3-BF4B-00C04F79EFBC}") = "ThMEPElectrical", "ThMEPElectrical\ThMEPElectrical.csproj", "{9F81D0C6-08FE-451E-9379-5882F9270E55}"
EndProject
Project("{FAE04EC0-301F-11D3-BF4B-00C04F79EFBC}") = "ThMEPHAVC", "ThMEPHAVC\ThMEPHAVC.csproj", "{B49B0155-F4A7-4928-A539-66882A6EC79A}"
EndProject
Project("{FAE04EC0-301F-11D3-BF4B-00C04F79EFBC}") = "ThMEPCui", "ThCui\ThMEPCui.csproj", "{A7A6ED9C-27F3-4F7E-AA5E-D9637CB12A46}"
EndProject
Project("{FAE04EC0-301F-11D3-BF4B-00C04F79EFBC}") = "TianHua.Plumbing.UI", "TianHua.Plumbing.UI\TianHua.Plumbing.UI.csproj", "{8DF2C2E2-86DF-4A6A-946E-208D3C3ECA52}"
EndProject
Project("{FAE04EC0-301F-11D3-BF4B-00C04F79EFBC}") = "TianHua.Electrical", "TianHua.Electrical\TianHua.Electrical.csproj", "{C74A25A1-1991-4EB7-BD43-808CD8DF4B32}"
EndProject
Project("{FAE04EC0-301F-11D3-BF4B-00C04F79EFBC}") = "TianHua.Electrical.UI", "TianHua.Electrical.UI\TianHua.Electrical.UI.csproj", "{537E996D-C4A0-4C7D-8277-ADF5EA7F9D76}"
EndProject
Project("{FAE04EC0-301F-11D3-BF4B-00C04F79EFBC}") = "TianHua.EquipmentSelection", "TianHua.EquipmentSelection\TianHua.EquipmentSelection.csproj", "{6FADC5FA-F54F-4742-BACD-9F1F855E8210}"
EndProject
Project("{FAE04EC0-301F-11D3-BF4B-00C04F79EFBC}") = "TianHua.EquipmentSelection.Test", "TianHua.EquipmentSelection.Test\TianHua.EquipmentSelection.Test.csproj", "{666E18EC-3F64-4C15-AB0E-B422A074C993}"
EndProject
Project("{FAE04EC0-301F-11D3-BF4B-00C04F79EFBC}") = "TianHua.EquipmentSelection.UI", "TianHua.EquipmentSelection.UI\TianHua.EquipmentSelection.UI.csproj", "{5A202950-BF0E-4887-AA2A-B6AF1C949FF4}"
EndProject
Global
	GlobalSection(SolutionConfigurationPlatforms) = preSolution
		Debug|Any CPU = Debug|Any CPU
		Debug-NET40|Any CPU = Debug-NET40|Any CPU
		Debug-NET45|Any CPU = Debug-NET45|Any CPU
		Debug-NET46|Any CPU = Debug-NET46|Any CPU
		Release|Any CPU = Release|Any CPU
		Release-NET40|Any CPU = Release-NET40|Any CPU
		Release-NET45|Any CPU = Release-NET45|Any CPU
		Release-NET46|Any CPU = Release-NET46|Any CPU
	EndGlobalSection
	GlobalSection(ProjectConfigurationPlatforms) = postSolution
		{AD98390A-569D-4774-AA3E-D9F00BC84CD6}.Debug|Any CPU.ActiveCfg = Debug|Any CPU
		{AD98390A-569D-4774-AA3E-D9F00BC84CD6}.Debug|Any CPU.Build.0 = Debug|Any CPU
		{AD98390A-569D-4774-AA3E-D9F00BC84CD6}.Debug-NET40|Any CPU.ActiveCfg = Debug-NET40|Any CPU
		{AD98390A-569D-4774-AA3E-D9F00BC84CD6}.Debug-NET40|Any CPU.Build.0 = Debug-NET40|Any CPU
		{AD98390A-569D-4774-AA3E-D9F00BC84CD6}.Debug-NET45|Any CPU.ActiveCfg = Debug-NET45|Any CPU
		{AD98390A-569D-4774-AA3E-D9F00BC84CD6}.Debug-NET45|Any CPU.Build.0 = Debug-NET45|Any CPU
		{AD98390A-569D-4774-AA3E-D9F00BC84CD6}.Debug-NET46|Any CPU.ActiveCfg = Debug-NET46|Any CPU
		{AD98390A-569D-4774-AA3E-D9F00BC84CD6}.Debug-NET46|Any CPU.Build.0 = Debug-NET46|Any CPU
		{AD98390A-569D-4774-AA3E-D9F00BC84CD6}.Release|Any CPU.ActiveCfg = Release|Any CPU
		{AD98390A-569D-4774-AA3E-D9F00BC84CD6}.Release|Any CPU.Build.0 = Release|Any CPU
		{AD98390A-569D-4774-AA3E-D9F00BC84CD6}.Release-NET40|Any CPU.ActiveCfg = Release-NET40|Any CPU
		{AD98390A-569D-4774-AA3E-D9F00BC84CD6}.Release-NET40|Any CPU.Build.0 = Release-NET40|Any CPU
		{AD98390A-569D-4774-AA3E-D9F00BC84CD6}.Release-NET45|Any CPU.ActiveCfg = Release-NET45|Any CPU
		{AD98390A-569D-4774-AA3E-D9F00BC84CD6}.Release-NET45|Any CPU.Build.0 = Release-NET45|Any CPU
		{AD98390A-569D-4774-AA3E-D9F00BC84CD6}.Release-NET46|Any CPU.ActiveCfg = Release-NET46|Any CPU
		{AD98390A-569D-4774-AA3E-D9F00BC84CD6}.Release-NET46|Any CPU.Build.0 = Release-NET46|Any CPU
		{5DDFCADA-BEA4-402C-B3E4-5C7F83C2F09E}.Debug|Any CPU.ActiveCfg = Debug|Any CPU
		{5DDFCADA-BEA4-402C-B3E4-5C7F83C2F09E}.Debug|Any CPU.Build.0 = Debug|Any CPU
		{5DDFCADA-BEA4-402C-B3E4-5C7F83C2F09E}.Debug-NET40|Any CPU.ActiveCfg = Debug-NET40|Any CPU
		{5DDFCADA-BEA4-402C-B3E4-5C7F83C2F09E}.Debug-NET40|Any CPU.Build.0 = Debug-NET40|Any CPU
		{5DDFCADA-BEA4-402C-B3E4-5C7F83C2F09E}.Debug-NET45|Any CPU.ActiveCfg = Debug-NET45|Any CPU
		{5DDFCADA-BEA4-402C-B3E4-5C7F83C2F09E}.Debug-NET45|Any CPU.Build.0 = Debug-NET45|Any CPU
		{5DDFCADA-BEA4-402C-B3E4-5C7F83C2F09E}.Debug-NET46|Any CPU.ActiveCfg = Debug-NET46|Any CPU
		{5DDFCADA-BEA4-402C-B3E4-5C7F83C2F09E}.Debug-NET46|Any CPU.Build.0 = Debug-NET46|Any CPU
		{5DDFCADA-BEA4-402C-B3E4-5C7F83C2F09E}.Release|Any CPU.ActiveCfg = Release|Any CPU
		{5DDFCADA-BEA4-402C-B3E4-5C7F83C2F09E}.Release|Any CPU.Build.0 = Release|Any CPU
		{5DDFCADA-BEA4-402C-B3E4-5C7F83C2F09E}.Release-NET40|Any CPU.ActiveCfg = Release-NET40|Any CPU
		{5DDFCADA-BEA4-402C-B3E4-5C7F83C2F09E}.Release-NET40|Any CPU.Build.0 = Release-NET40|Any CPU
		{5DDFCADA-BEA4-402C-B3E4-5C7F83C2F09E}.Release-NET45|Any CPU.ActiveCfg = Release-NET45|Any CPU
		{5DDFCADA-BEA4-402C-B3E4-5C7F83C2F09E}.Release-NET45|Any CPU.Build.0 = Release-NET45|Any CPU
		{5DDFCADA-BEA4-402C-B3E4-5C7F83C2F09E}.Release-NET46|Any CPU.ActiveCfg = Release-NET46|Any CPU
		{5DDFCADA-BEA4-402C-B3E4-5C7F83C2F09E}.Release-NET46|Any CPU.Build.0 = Release-NET46|Any CPU
		{C6AC9E68-9059-4DDD-8FA7-58E2656D572E}.Debug|Any CPU.ActiveCfg = Debug|Any CPU
		{C6AC9E68-9059-4DDD-8FA7-58E2656D572E}.Debug|Any CPU.Build.0 = Debug|Any CPU
		{C6AC9E68-9059-4DDD-8FA7-58E2656D572E}.Debug-NET40|Any CPU.ActiveCfg = Debug-NET40|Any CPU
		{C6AC9E68-9059-4DDD-8FA7-58E2656D572E}.Debug-NET40|Any CPU.Build.0 = Debug-NET40|Any CPU
		{C6AC9E68-9059-4DDD-8FA7-58E2656D572E}.Debug-NET45|Any CPU.ActiveCfg = Debug-NET45|Any CPU
		{C6AC9E68-9059-4DDD-8FA7-58E2656D572E}.Debug-NET45|Any CPU.Build.0 = Debug-NET45|Any CPU
		{C6AC9E68-9059-4DDD-8FA7-58E2656D572E}.Debug-NET46|Any CPU.ActiveCfg = Debug-NET46|Any CPU
		{C6AC9E68-9059-4DDD-8FA7-58E2656D572E}.Debug-NET46|Any CPU.Build.0 = Debug-NET46|Any CPU
		{C6AC9E68-9059-4DDD-8FA7-58E2656D572E}.Release|Any CPU.ActiveCfg = Release|Any CPU
		{C6AC9E68-9059-4DDD-8FA7-58E2656D572E}.Release|Any CPU.Build.0 = Release|Any CPU
		{C6AC9E68-9059-4DDD-8FA7-58E2656D572E}.Release-NET40|Any CPU.ActiveCfg = Release-NET40|Any CPU
		{C6AC9E68-9059-4DDD-8FA7-58E2656D572E}.Release-NET40|Any CPU.Build.0 = Release-NET40|Any CPU
		{C6AC9E68-9059-4DDD-8FA7-58E2656D572E}.Release-NET45|Any CPU.ActiveCfg = Release-NET45|Any CPU
		{C6AC9E68-9059-4DDD-8FA7-58E2656D572E}.Release-NET45|Any CPU.Build.0 = Release-NET45|Any CPU
		{C6AC9E68-9059-4DDD-8FA7-58E2656D572E}.Release-NET46|Any CPU.ActiveCfg = Release-NET46|Any CPU
		{C6AC9E68-9059-4DDD-8FA7-58E2656D572E}.Release-NET46|Any CPU.Build.0 = Release-NET46|Any CPU
		{6076B322-959E-46B1-AA98-ADB363B10438}.Debug|Any CPU.ActiveCfg = Debug|Any CPU
		{6076B322-959E-46B1-AA98-ADB363B10438}.Debug|Any CPU.Build.0 = Debug|Any CPU
		{6076B322-959E-46B1-AA98-ADB363B10438}.Debug-NET40|Any CPU.ActiveCfg = Debug-NET40|Any CPU
		{6076B322-959E-46B1-AA98-ADB363B10438}.Debug-NET40|Any CPU.Build.0 = Debug-NET40|Any CPU
		{6076B322-959E-46B1-AA98-ADB363B10438}.Debug-NET45|Any CPU.ActiveCfg = Debug-NET45|Any CPU
		{6076B322-959E-46B1-AA98-ADB363B10438}.Debug-NET45|Any CPU.Build.0 = Debug-NET45|Any CPU
		{6076B322-959E-46B1-AA98-ADB363B10438}.Debug-NET46|Any CPU.ActiveCfg = Debug-NET46|Any CPU
		{6076B322-959E-46B1-AA98-ADB363B10438}.Debug-NET46|Any CPU.Build.0 = Debug-NET46|Any CPU
		{6076B322-959E-46B1-AA98-ADB363B10438}.Release|Any CPU.ActiveCfg = Release|Any CPU
		{6076B322-959E-46B1-AA98-ADB363B10438}.Release|Any CPU.Build.0 = Release|Any CPU
		{6076B322-959E-46B1-AA98-ADB363B10438}.Release-NET40|Any CPU.ActiveCfg = Release-NET40|Any CPU
		{6076B322-959E-46B1-AA98-ADB363B10438}.Release-NET40|Any CPU.Build.0 = Release-NET40|Any CPU
		{6076B322-959E-46B1-AA98-ADB363B10438}.Release-NET45|Any CPU.ActiveCfg = Release-NET45|Any CPU
		{6076B322-959E-46B1-AA98-ADB363B10438}.Release-NET45|Any CPU.Build.0 = Release-NET45|Any CPU
		{6076B322-959E-46B1-AA98-ADB363B10438}.Release-NET46|Any CPU.ActiveCfg = Release-NET46|Any CPU
		{6076B322-959E-46B1-AA98-ADB363B10438}.Release-NET46|Any CPU.Build.0 = Release-NET46|Any CPU
		{177B4E6A-7482-4D77-9A31-4AF641802AE7}.Debug|Any CPU.ActiveCfg = Debug|Any CPU
		{177B4E6A-7482-4D77-9A31-4AF641802AE7}.Debug|Any CPU.Build.0 = Debug|Any CPU
		{177B4E6A-7482-4D77-9A31-4AF641802AE7}.Debug-NET40|Any CPU.ActiveCfg = Debug-NET40|Any CPU
		{177B4E6A-7482-4D77-9A31-4AF641802AE7}.Debug-NET40|Any CPU.Build.0 = Debug-NET40|Any CPU
		{177B4E6A-7482-4D77-9A31-4AF641802AE7}.Debug-NET45|Any CPU.ActiveCfg = Debug-NET45|Any CPU
		{177B4E6A-7482-4D77-9A31-4AF641802AE7}.Debug-NET45|Any CPU.Build.0 = Debug-NET45|Any CPU
		{177B4E6A-7482-4D77-9A31-4AF641802AE7}.Debug-NET46|Any CPU.ActiveCfg = Debug-NET46|Any CPU
		{177B4E6A-7482-4D77-9A31-4AF641802AE7}.Debug-NET46|Any CPU.Build.0 = Debug-NET46|Any CPU
		{177B4E6A-7482-4D77-9A31-4AF641802AE7}.Release|Any CPU.ActiveCfg = Release|Any CPU
		{177B4E6A-7482-4D77-9A31-4AF641802AE7}.Release|Any CPU.Build.0 = Release|Any CPU
		{177B4E6A-7482-4D77-9A31-4AF641802AE7}.Release-NET40|Any CPU.ActiveCfg = Release-NET40|Any CPU
		{177B4E6A-7482-4D77-9A31-4AF641802AE7}.Release-NET40|Any CPU.Build.0 = Release-NET40|Any CPU
		{177B4E6A-7482-4D77-9A31-4AF641802AE7}.Release-NET45|Any CPU.ActiveCfg = Release-NET45|Any CPU
		{177B4E6A-7482-4D77-9A31-4AF641802AE7}.Release-NET45|Any CPU.Build.0 = Release-NET45|Any CPU
		{177B4E6A-7482-4D77-9A31-4AF641802AE7}.Release-NET46|Any CPU.ActiveCfg = Release-NET46|Any CPU
		{177B4E6A-7482-4D77-9A31-4AF641802AE7}.Release-NET46|Any CPU.Build.0 = Release-NET46|Any CPU
		{B9BB0F36-DFA2-446A-A676-049304C38FD9}.Debug|Any CPU.ActiveCfg = Debug|Any CPU
		{B9BB0F36-DFA2-446A-A676-049304C38FD9}.Debug|Any CPU.Build.0 = Debug|Any CPU
		{B9BB0F36-DFA2-446A-A676-049304C38FD9}.Debug-NET40|Any CPU.ActiveCfg = Debug-NET40|Any CPU
		{B9BB0F36-DFA2-446A-A676-049304C38FD9}.Debug-NET40|Any CPU.Build.0 = Debug-NET40|Any CPU
		{B9BB0F36-DFA2-446A-A676-049304C38FD9}.Debug-NET45|Any CPU.ActiveCfg = Debug-NET45|Any CPU
		{B9BB0F36-DFA2-446A-A676-049304C38FD9}.Debug-NET45|Any CPU.Build.0 = Debug-NET45|Any CPU
		{B9BB0F36-DFA2-446A-A676-049304C38FD9}.Debug-NET46|Any CPU.ActiveCfg = Debug-NET46|Any CPU
		{B9BB0F36-DFA2-446A-A676-049304C38FD9}.Debug-NET46|Any CPU.Build.0 = Debug-NET46|Any CPU
		{B9BB0F36-DFA2-446A-A676-049304C38FD9}.Release|Any CPU.ActiveCfg = Release|Any CPU
		{B9BB0F36-DFA2-446A-A676-049304C38FD9}.Release|Any CPU.Build.0 = Release|Any CPU
		{B9BB0F36-DFA2-446A-A676-049304C38FD9}.Release-NET40|Any CPU.ActiveCfg = Release-NET40|Any CPU
		{B9BB0F36-DFA2-446A-A676-049304C38FD9}.Release-NET40|Any CPU.Build.0 = Release-NET40|Any CPU
		{B9BB0F36-DFA2-446A-A676-049304C38FD9}.Release-NET45|Any CPU.ActiveCfg = Release-NET45|Any CPU
		{B9BB0F36-DFA2-446A-A676-049304C38FD9}.Release-NET45|Any CPU.Build.0 = Release-NET45|Any CPU
		{B9BB0F36-DFA2-446A-A676-049304C38FD9}.Release-NET46|Any CPU.ActiveCfg = Release-NET46|Any CPU
		{B9BB0F36-DFA2-446A-A676-049304C38FD9}.Release-NET46|Any CPU.Build.0 = Release-NET46|Any CPU
		{11DAD9AC-DA76-4B36-8315-9AF9BA638D41}.Debug|Any CPU.ActiveCfg = Debug|Any CPU
		{11DAD9AC-DA76-4B36-8315-9AF9BA638D41}.Debug|Any CPU.Build.0 = Debug|Any CPU
		{11DAD9AC-DA76-4B36-8315-9AF9BA638D41}.Debug-NET40|Any CPU.ActiveCfg = Debug-NET40|Any CPU
		{11DAD9AC-DA76-4B36-8315-9AF9BA638D41}.Debug-NET40|Any CPU.Build.0 = Debug-NET40|Any CPU
		{11DAD9AC-DA76-4B36-8315-9AF9BA638D41}.Debug-NET45|Any CPU.ActiveCfg = Debug-NET45|Any CPU
		{11DAD9AC-DA76-4B36-8315-9AF9BA638D41}.Debug-NET45|Any CPU.Build.0 = Debug-NET45|Any CPU
		{11DAD9AC-DA76-4B36-8315-9AF9BA638D41}.Debug-NET46|Any CPU.ActiveCfg = Debug-NET46|Any CPU
		{11DAD9AC-DA76-4B36-8315-9AF9BA638D41}.Debug-NET46|Any CPU.Build.0 = Debug-NET46|Any CPU
		{11DAD9AC-DA76-4B36-8315-9AF9BA638D41}.Release|Any CPU.ActiveCfg = Release|Any CPU
		{11DAD9AC-DA76-4B36-8315-9AF9BA638D41}.Release|Any CPU.Build.0 = Release|Any CPU
		{11DAD9AC-DA76-4B36-8315-9AF9BA638D41}.Release-NET40|Any CPU.ActiveCfg = Release-NET40|Any CPU
		{11DAD9AC-DA76-4B36-8315-9AF9BA638D41}.Release-NET40|Any CPU.Build.0 = Release-NET40|Any CPU
		{11DAD9AC-DA76-4B36-8315-9AF9BA638D41}.Release-NET45|Any CPU.ActiveCfg = Release-NET45|Any CPU
		{11DAD9AC-DA76-4B36-8315-9AF9BA638D41}.Release-NET45|Any CPU.Build.0 = Release-NET45|Any CPU
		{11DAD9AC-DA76-4B36-8315-9AF9BA638D41}.Release-NET46|Any CPU.ActiveCfg = Release-NET46|Any CPU
		{11DAD9AC-DA76-4B36-8315-9AF9BA638D41}.Release-NET46|Any CPU.Build.0 = Release-NET46|Any CPU
		{2ABCDB6E-F0C9-44C1-960F-31D494EF9738}.Debug|Any CPU.ActiveCfg = Debug|Any CPU
		{2ABCDB6E-F0C9-44C1-960F-31D494EF9738}.Debug|Any CPU.Build.0 = Debug|Any CPU
		{2ABCDB6E-F0C9-44C1-960F-31D494EF9738}.Debug-NET40|Any CPU.ActiveCfg = Debug-NET40|Any CPU
		{2ABCDB6E-F0C9-44C1-960F-31D494EF9738}.Debug-NET40|Any CPU.Build.0 = Debug-NET40|Any CPU
		{2ABCDB6E-F0C9-44C1-960F-31D494EF9738}.Debug-NET45|Any CPU.ActiveCfg = Debug-NET45|Any CPU
		{2ABCDB6E-F0C9-44C1-960F-31D494EF9738}.Debug-NET45|Any CPU.Build.0 = Debug-NET45|Any CPU
		{2ABCDB6E-F0C9-44C1-960F-31D494EF9738}.Debug-NET46|Any CPU.ActiveCfg = Debug-NET46|Any CPU
		{2ABCDB6E-F0C9-44C1-960F-31D494EF9738}.Debug-NET46|Any CPU.Build.0 = Debug-NET46|Any CPU
		{2ABCDB6E-F0C9-44C1-960F-31D494EF9738}.Release|Any CPU.ActiveCfg = Release|Any CPU
		{2ABCDB6E-F0C9-44C1-960F-31D494EF9738}.Release|Any CPU.Build.0 = Release|Any CPU
		{2ABCDB6E-F0C9-44C1-960F-31D494EF9738}.Release-NET40|Any CPU.ActiveCfg = Release-NET40|Any CPU
		{2ABCDB6E-F0C9-44C1-960F-31D494EF9738}.Release-NET40|Any CPU.Build.0 = Release-NET40|Any CPU
		{2ABCDB6E-F0C9-44C1-960F-31D494EF9738}.Release-NET45|Any CPU.ActiveCfg = Release-NET45|Any CPU
		{2ABCDB6E-F0C9-44C1-960F-31D494EF9738}.Release-NET45|Any CPU.Build.0 = Release-NET45|Any CPU
		{2ABCDB6E-F0C9-44C1-960F-31D494EF9738}.Release-NET46|Any CPU.ActiveCfg = Release-NET46|Any CPU
		{2ABCDB6E-F0C9-44C1-960F-31D494EF9738}.Release-NET46|Any CPU.Build.0 = Release-NET46|Any CPU
		{9F81D0C6-08FE-451E-9379-5882F9270E55}.Debug|Any CPU.ActiveCfg = Debug|Any CPU
		{9F81D0C6-08FE-451E-9379-5882F9270E55}.Debug|Any CPU.Build.0 = Debug|Any CPU
		{9F81D0C6-08FE-451E-9379-5882F9270E55}.Debug-NET40|Any CPU.ActiveCfg = Debug-NET40|Any CPU
		{9F81D0C6-08FE-451E-9379-5882F9270E55}.Debug-NET40|Any CPU.Build.0 = Debug-NET40|Any CPU
		{9F81D0C6-08FE-451E-9379-5882F9270E55}.Debug-NET45|Any CPU.ActiveCfg = Debug-NET45|Any CPU
		{9F81D0C6-08FE-451E-9379-5882F9270E55}.Debug-NET45|Any CPU.Build.0 = Debug-NET45|Any CPU
		{9F81D0C6-08FE-451E-9379-5882F9270E55}.Debug-NET46|Any CPU.ActiveCfg = Debug-NET46|Any CPU
		{9F81D0C6-08FE-451E-9379-5882F9270E55}.Debug-NET46|Any CPU.Build.0 = Debug-NET46|Any CPU
		{9F81D0C6-08FE-451E-9379-5882F9270E55}.Release|Any CPU.ActiveCfg = Release|Any CPU
		{9F81D0C6-08FE-451E-9379-5882F9270E55}.Release|Any CPU.Build.0 = Release|Any CPU
		{9F81D0C6-08FE-451E-9379-5882F9270E55}.Release-NET40|Any CPU.ActiveCfg = Release-NET40|Any CPU
		{9F81D0C6-08FE-451E-9379-5882F9270E55}.Release-NET40|Any CPU.Build.0 = Release-NET40|Any CPU
		{9F81D0C6-08FE-451E-9379-5882F9270E55}.Release-NET45|Any CPU.ActiveCfg = Release-NET45|Any CPU
		{9F81D0C6-08FE-451E-9379-5882F9270E55}.Release-NET45|Any CPU.Build.0 = Release-NET45|Any CPU
		{9F81D0C6-08FE-451E-9379-5882F9270E55}.Release-NET46|Any CPU.ActiveCfg = Release-NET46|Any CPU
		{9F81D0C6-08FE-451E-9379-5882F9270E55}.Release-NET46|Any CPU.Build.0 = Release-NET46|Any CPU
		{B49B0155-F4A7-4928-A539-66882A6EC79A}.Debug|Any CPU.ActiveCfg = Debug|Any CPU
		{B49B0155-F4A7-4928-A539-66882A6EC79A}.Debug|Any CPU.Build.0 = Debug|Any CPU
		{B49B0155-F4A7-4928-A539-66882A6EC79A}.Debug-NET40|Any CPU.ActiveCfg = Debug-NET40|Any CPU
		{B49B0155-F4A7-4928-A539-66882A6EC79A}.Debug-NET40|Any CPU.Build.0 = Debug-NET40|Any CPU
		{B49B0155-F4A7-4928-A539-66882A6EC79A}.Debug-NET45|Any CPU.ActiveCfg = Debug-NET45|Any CPU
		{B49B0155-F4A7-4928-A539-66882A6EC79A}.Debug-NET45|Any CPU.Build.0 = Debug-NET45|Any CPU
		{B49B0155-F4A7-4928-A539-66882A6EC79A}.Debug-NET46|Any CPU.ActiveCfg = Debug-NET46|Any CPU
		{B49B0155-F4A7-4928-A539-66882A6EC79A}.Debug-NET46|Any CPU.Build.0 = Debug-NET46|Any CPU
		{B49B0155-F4A7-4928-A539-66882A6EC79A}.Release|Any CPU.ActiveCfg = Release|Any CPU
		{B49B0155-F4A7-4928-A539-66882A6EC79A}.Release|Any CPU.Build.0 = Release|Any CPU
		{B49B0155-F4A7-4928-A539-66882A6EC79A}.Release-NET40|Any CPU.ActiveCfg = Release-NET40|Any CPU
		{B49B0155-F4A7-4928-A539-66882A6EC79A}.Release-NET40|Any CPU.Build.0 = Release-NET40|Any CPU
		{B49B0155-F4A7-4928-A539-66882A6EC79A}.Release-NET45|Any CPU.ActiveCfg = Release-NET45|Any CPU
		{B49B0155-F4A7-4928-A539-66882A6EC79A}.Release-NET45|Any CPU.Build.0 = Release-NET45|Any CPU
		{B49B0155-F4A7-4928-A539-66882A6EC79A}.Release-NET46|Any CPU.ActiveCfg = Release-NET46|Any CPU
		{B49B0155-F4A7-4928-A539-66882A6EC79A}.Release-NET46|Any CPU.Build.0 = Release-NET46|Any CPU
		{A7A6ED9C-27F3-4F7E-AA5E-D9637CB12A46}.Debug|Any CPU.ActiveCfg = Debug|Any CPU
		{A7A6ED9C-27F3-4F7E-AA5E-D9637CB12A46}.Debug|Any CPU.Build.0 = Debug|Any CPU
		{A7A6ED9C-27F3-4F7E-AA5E-D9637CB12A46}.Debug-NET40|Any CPU.ActiveCfg = Debug-NET40|Any CPU
		{A7A6ED9C-27F3-4F7E-AA5E-D9637CB12A46}.Debug-NET40|Any CPU.Build.0 = Debug-NET40|Any CPU
		{A7A6ED9C-27F3-4F7E-AA5E-D9637CB12A46}.Debug-NET45|Any CPU.ActiveCfg = Debug-NET45|Any CPU
		{A7A6ED9C-27F3-4F7E-AA5E-D9637CB12A46}.Debug-NET45|Any CPU.Build.0 = Debug-NET45|Any CPU
		{A7A6ED9C-27F3-4F7E-AA5E-D9637CB12A46}.Debug-NET46|Any CPU.ActiveCfg = Debug-NET46|Any CPU
		{A7A6ED9C-27F3-4F7E-AA5E-D9637CB12A46}.Debug-NET46|Any CPU.Build.0 = Debug-NET46|Any CPU
		{A7A6ED9C-27F3-4F7E-AA5E-D9637CB12A46}.Release|Any CPU.ActiveCfg = Release|Any CPU
		{A7A6ED9C-27F3-4F7E-AA5E-D9637CB12A46}.Release|Any CPU.Build.0 = Release|Any CPU
		{A7A6ED9C-27F3-4F7E-AA5E-D9637CB12A46}.Release-NET40|Any CPU.ActiveCfg = Release-NET40|Any CPU
		{A7A6ED9C-27F3-4F7E-AA5E-D9637CB12A46}.Release-NET40|Any CPU.Build.0 = Release-NET40|Any CPU
		{A7A6ED9C-27F3-4F7E-AA5E-D9637CB12A46}.Release-NET45|Any CPU.ActiveCfg = Release-NET45|Any CPU
		{A7A6ED9C-27F3-4F7E-AA5E-D9637CB12A46}.Release-NET45|Any CPU.Build.0 = Release-NET45|Any CPU
		{A7A6ED9C-27F3-4F7E-AA5E-D9637CB12A46}.Release-NET46|Any CPU.ActiveCfg = Release-NET46|Any CPU
		{A7A6ED9C-27F3-4F7E-AA5E-D9637CB12A46}.Release-NET46|Any CPU.Build.0 = Release-NET46|Any CPU
		{8DF2C2E2-86DF-4A6A-946E-208D3C3ECA52}.Debug|Any CPU.ActiveCfg = Debug|Any CPU
		{8DF2C2E2-86DF-4A6A-946E-208D3C3ECA52}.Debug|Any CPU.Build.0 = Debug|Any CPU
		{8DF2C2E2-86DF-4A6A-946E-208D3C3ECA52}.Debug-NET40|Any CPU.ActiveCfg = Debug-NET40|Any CPU
		{8DF2C2E2-86DF-4A6A-946E-208D3C3ECA52}.Debug-NET40|Any CPU.Build.0 = Debug-NET40|Any CPU
		{8DF2C2E2-86DF-4A6A-946E-208D3C3ECA52}.Debug-NET45|Any CPU.ActiveCfg = Debug-NET45|Any CPU
		{8DF2C2E2-86DF-4A6A-946E-208D3C3ECA52}.Debug-NET45|Any CPU.Build.0 = Debug-NET45|Any CPU
		{8DF2C2E2-86DF-4A6A-946E-208D3C3ECA52}.Debug-NET46|Any CPU.ActiveCfg = Debug-NET46|Any CPU
		{8DF2C2E2-86DF-4A6A-946E-208D3C3ECA52}.Debug-NET46|Any CPU.Build.0 = Debug-NET46|Any CPU
		{8DF2C2E2-86DF-4A6A-946E-208D3C3ECA52}.Release|Any CPU.ActiveCfg = Release|Any CPU
		{8DF2C2E2-86DF-4A6A-946E-208D3C3ECA52}.Release|Any CPU.Build.0 = Release|Any CPU
		{8DF2C2E2-86DF-4A6A-946E-208D3C3ECA52}.Release-NET40|Any CPU.ActiveCfg = Release-NET40|Any CPU
		{8DF2C2E2-86DF-4A6A-946E-208D3C3ECA52}.Release-NET40|Any CPU.Build.0 = Release-NET40|Any CPU
		{8DF2C2E2-86DF-4A6A-946E-208D3C3ECA52}.Release-NET45|Any CPU.ActiveCfg = Release-NET45|Any CPU
		{8DF2C2E2-86DF-4A6A-946E-208D3C3ECA52}.Release-NET45|Any CPU.Build.0 = Release-NET45|Any CPU
		{8DF2C2E2-86DF-4A6A-946E-208D3C3ECA52}.Release-NET46|Any CPU.ActiveCfg = Release-NET46|Any CPU
		{8DF2C2E2-86DF-4A6A-946E-208D3C3ECA52}.Release-NET46|Any CPU.Build.0 = Release-NET46|Any CPU
		{C74A25A1-1991-4EB7-BD43-808CD8DF4B32}.Debug|Any CPU.ActiveCfg = Debug|Any CPU
		{C74A25A1-1991-4EB7-BD43-808CD8DF4B32}.Debug|Any CPU.Build.0 = Debug|Any CPU
		{C74A25A1-1991-4EB7-BD43-808CD8DF4B32}.Debug-NET40|Any CPU.ActiveCfg = Debug-NET40|Any CPU
		{C74A25A1-1991-4EB7-BD43-808CD8DF4B32}.Debug-NET40|Any CPU.Build.0 = Debug-NET40|Any CPU
		{C74A25A1-1991-4EB7-BD43-808CD8DF4B32}.Debug-NET45|Any CPU.ActiveCfg = Debug-NET45|Any CPU
		{C74A25A1-1991-4EB7-BD43-808CD8DF4B32}.Debug-NET45|Any CPU.Build.0 = Debug-NET45|Any CPU
		{C74A25A1-1991-4EB7-BD43-808CD8DF4B32}.Debug-NET46|Any CPU.ActiveCfg = Debug-NET46|Any CPU
		{C74A25A1-1991-4EB7-BD43-808CD8DF4B32}.Debug-NET46|Any CPU.Build.0 = Debug-NET46|Any CPU
		{C74A25A1-1991-4EB7-BD43-808CD8DF4B32}.Release|Any CPU.ActiveCfg = Release|Any CPU
		{C74A25A1-1991-4EB7-BD43-808CD8DF4B32}.Release|Any CPU.Build.0 = Release|Any CPU
		{C74A25A1-1991-4EB7-BD43-808CD8DF4B32}.Release-NET40|Any CPU.ActiveCfg = Release-NET40|Any CPU
		{C74A25A1-1991-4EB7-BD43-808CD8DF4B32}.Release-NET40|Any CPU.Build.0 = Release-NET40|Any CPU
		{C74A25A1-1991-4EB7-BD43-808CD8DF4B32}.Release-NET45|Any CPU.ActiveCfg = Release-NET45|Any CPU
		{C74A25A1-1991-4EB7-BD43-808CD8DF4B32}.Release-NET45|Any CPU.Build.0 = Release-NET45|Any CPU
		{C74A25A1-1991-4EB7-BD43-808CD8DF4B32}.Release-NET46|Any CPU.ActiveCfg = Release-NET46|Any CPU
		{C74A25A1-1991-4EB7-BD43-808CD8DF4B32}.Release-NET46|Any CPU.Build.0 = Release-NET46|Any CPU
		{537E996D-C4A0-4C7D-8277-ADF5EA7F9D76}.Debug|Any CPU.ActiveCfg = Debug|Any CPU
		{537E996D-C4A0-4C7D-8277-ADF5EA7F9D76}.Debug|Any CPU.Build.0 = Debug|Any CPU
		{537E996D-C4A0-4C7D-8277-ADF5EA7F9D76}.Debug-NET40|Any CPU.ActiveCfg = Debug-NET40|Any CPU
		{537E996D-C4A0-4C7D-8277-ADF5EA7F9D76}.Debug-NET40|Any CPU.Build.0 = Debug-NET40|Any CPU
		{537E996D-C4A0-4C7D-8277-ADF5EA7F9D76}.Debug-NET45|Any CPU.ActiveCfg = Debug-NET45|Any CPU
		{537E996D-C4A0-4C7D-8277-ADF5EA7F9D76}.Debug-NET45|Any CPU.Build.0 = Debug-NET45|Any CPU
		{537E996D-C4A0-4C7D-8277-ADF5EA7F9D76}.Debug-NET46|Any CPU.ActiveCfg = Debug-NET46|Any CPU
		{537E996D-C4A0-4C7D-8277-ADF5EA7F9D76}.Debug-NET46|Any CPU.Build.0 = Debug-NET46|Any CPU
		{537E996D-C4A0-4C7D-8277-ADF5EA7F9D76}.Release|Any CPU.ActiveCfg = Release|Any CPU
		{537E996D-C4A0-4C7D-8277-ADF5EA7F9D76}.Release|Any CPU.Build.0 = Release|Any CPU
		{537E996D-C4A0-4C7D-8277-ADF5EA7F9D76}.Release-NET40|Any CPU.ActiveCfg = Release-NET40|Any CPU
		{537E996D-C4A0-4C7D-8277-ADF5EA7F9D76}.Release-NET40|Any CPU.Build.0 = Release-NET40|Any CPU
		{537E996D-C4A0-4C7D-8277-ADF5EA7F9D76}.Release-NET45|Any CPU.ActiveCfg = Release-NET45|Any CPU
		{537E996D-C4A0-4C7D-8277-ADF5EA7F9D76}.Release-NET45|Any CPU.Build.0 = Release-NET45|Any CPU
		{537E996D-C4A0-4C7D-8277-ADF5EA7F9D76}.Release-NET46|Any CPU.ActiveCfg = Release-NET46|Any CPU
		{537E996D-C4A0-4C7D-8277-ADF5EA7F9D76}.Release-NET46|Any CPU.Build.0 = Release-NET46|Any CPU
		{6FADC5FA-F54F-4742-BACD-9F1F855E8210}.Debug|Any CPU.ActiveCfg = Debug|Any CPU
		{6FADC5FA-F54F-4742-BACD-9F1F855E8210}.Debug|Any CPU.Build.0 = Debug|Any CPU
		{6FADC5FA-F54F-4742-BACD-9F1F855E8210}.Debug-NET40|Any CPU.ActiveCfg = Debug-NET40|Any CPU
		{6FADC5FA-F54F-4742-BACD-9F1F855E8210}.Debug-NET40|Any CPU.Build.0 = Debug-NET40|Any CPU
		{6FADC5FA-F54F-4742-BACD-9F1F855E8210}.Debug-NET45|Any CPU.ActiveCfg = Debug-NET45|Any CPU
		{6FADC5FA-F54F-4742-BACD-9F1F855E8210}.Debug-NET45|Any CPU.Build.0 = Debug-NET45|Any CPU
		{6FADC5FA-F54F-4742-BACD-9F1F855E8210}.Debug-NET46|Any CPU.ActiveCfg = Debug-NET46|Any CPU
		{6FADC5FA-F54F-4742-BACD-9F1F855E8210}.Debug-NET46|Any CPU.Build.0 = Debug-NET46|Any CPU
		{6FADC5FA-F54F-4742-BACD-9F1F855E8210}.Release|Any CPU.ActiveCfg = Release|Any CPU
		{6FADC5FA-F54F-4742-BACD-9F1F855E8210}.Release|Any CPU.Build.0 = Release|Any CPU
		{6FADC5FA-F54F-4742-BACD-9F1F855E8210}.Release-NET40|Any CPU.ActiveCfg = Release-NET40|Any CPU
		{6FADC5FA-F54F-4742-BACD-9F1F855E8210}.Release-NET40|Any CPU.Build.0 = Release-NET40|Any CPU
		{6FADC5FA-F54F-4742-BACD-9F1F855E8210}.Release-NET45|Any CPU.ActiveCfg = Release-NET45|Any CPU
		{6FADC5FA-F54F-4742-BACD-9F1F855E8210}.Release-NET45|Any CPU.Build.0 = Release-NET45|Any CPU
		{6FADC5FA-F54F-4742-BACD-9F1F855E8210}.Release-NET46|Any CPU.ActiveCfg = Release-NET46|Any CPU
		{6FADC5FA-F54F-4742-BACD-9F1F855E8210}.Release-NET46|Any CPU.Build.0 = Release-NET46|Any CPU
		{666E18EC-3F64-4C15-AB0E-B422A074C993}.Debug|Any CPU.ActiveCfg = Debug|Any CPU
		{666E18EC-3F64-4C15-AB0E-B422A074C993}.Debug|Any CPU.Build.0 = Debug|Any CPU
		{666E18EC-3F64-4C15-AB0E-B422A074C993}.Debug-NET40|Any CPU.ActiveCfg = Debug-NET40|Any CPU
		{666E18EC-3F64-4C15-AB0E-B422A074C993}.Debug-NET40|Any CPU.Build.0 = Debug-NET40|Any CPU
		{666E18EC-3F64-4C15-AB0E-B422A074C993}.Debug-NET45|Any CPU.ActiveCfg = Debug-NET45|Any CPU
		{666E18EC-3F64-4C15-AB0E-B422A074C993}.Debug-NET45|Any CPU.Build.0 = Debug-NET45|Any CPU
		{666E18EC-3F64-4C15-AB0E-B422A074C993}.Debug-NET46|Any CPU.ActiveCfg = Debug-NET46|Any CPU
		{666E18EC-3F64-4C15-AB0E-B422A074C993}.Debug-NET46|Any CPU.Build.0 = Debug-NET46|Any CPU
		{666E18EC-3F64-4C15-AB0E-B422A074C993}.Release|Any CPU.ActiveCfg = Release|Any CPU
		{666E18EC-3F64-4C15-AB0E-B422A074C993}.Release|Any CPU.Build.0 = Release|Any CPU
		{666E18EC-3F64-4C15-AB0E-B422A074C993}.Release-NET40|Any CPU.ActiveCfg = Release-NET40|Any CPU
		{666E18EC-3F64-4C15-AB0E-B422A074C993}.Release-NET40|Any CPU.Build.0 = Release-NET40|Any CPU
		{666E18EC-3F64-4C15-AB0E-B422A074C993}.Release-NET45|Any CPU.ActiveCfg = Release-NET45|Any CPU
		{666E18EC-3F64-4C15-AB0E-B422A074C993}.Release-NET45|Any CPU.Build.0 = Release-NET45|Any CPU
		{666E18EC-3F64-4C15-AB0E-B422A074C993}.Release-NET46|Any CPU.ActiveCfg = Release-NET46|Any CPU
		{666E18EC-3F64-4C15-AB0E-B422A074C993}.Release-NET46|Any CPU.Build.0 = Release-NET46|Any CPU
		{5A202950-BF0E-4887-AA2A-B6AF1C949FF4}.Debug|Any CPU.ActiveCfg = Debug|Any CPU
		{5A202950-BF0E-4887-AA2A-B6AF1C949FF4}.Debug|Any CPU.Build.0 = Debug|Any CPU
		{5A202950-BF0E-4887-AA2A-B6AF1C949FF4}.Debug-NET40|Any CPU.ActiveCfg = Debug-NET40|Any CPU
		{5A202950-BF0E-4887-AA2A-B6AF1C949FF4}.Debug-NET40|Any CPU.Build.0 = Debug-NET40|Any CPU
		{5A202950-BF0E-4887-AA2A-B6AF1C949FF4}.Debug-NET45|Any CPU.ActiveCfg = Debug-NET45|Any CPU
		{5A202950-BF0E-4887-AA2A-B6AF1C949FF4}.Debug-NET45|Any CPU.Build.0 = Debug-NET45|Any CPU
		{5A202950-BF0E-4887-AA2A-B6AF1C949FF4}.Debug-NET46|Any CPU.ActiveCfg = Debug-NET46|Any CPU
		{5A202950-BF0E-4887-AA2A-B6AF1C949FF4}.Debug-NET46|Any CPU.Build.0 = Debug-NET46|Any CPU
		{5A202950-BF0E-4887-AA2A-B6AF1C949FF4}.Release|Any CPU.ActiveCfg = Release|Any CPU
		{5A202950-BF0E-4887-AA2A-B6AF1C949FF4}.Release|Any CPU.Build.0 = Release|Any CPU
		{5A202950-BF0E-4887-AA2A-B6AF1C949FF4}.Release-NET40|Any CPU.ActiveCfg = Release-NET40|Any CPU
		{5A202950-BF0E-4887-AA2A-B6AF1C949FF4}.Release-NET40|Any CPU.Build.0 = Release-NET40|Any CPU
		{5A202950-BF0E-4887-AA2A-B6AF1C949FF4}.Release-NET45|Any CPU.ActiveCfg = Release-NET45|Any CPU
		{5A202950-BF0E-4887-AA2A-B6AF1C949FF4}.Release-NET45|Any CPU.Build.0 = Release-NET45|Any CPU
		{5A202950-BF0E-4887-AA2A-B6AF1C949FF4}.Release-NET46|Any CPU.ActiveCfg = Release-NET46|Any CPU
		{5A202950-BF0E-4887-AA2A-B6AF1C949FF4}.Release-NET46|Any CPU.Build.0 = Release-NET46|Any CPU
	EndGlobalSection
	GlobalSection(SolutionProperties) = preSolution
		HideSolutionNode = FALSE
	EndGlobalSection
	GlobalSection(ExtensibilityGlobals) = postSolution
		SolutionGuid = {4DC31E7F-3F21-4F0B-B4C8-C20B040E84EF}
		        SolutionGuid = {BACE1130-D315-4658-B063-566B4F1EBA5B}
	EndGlobalSection
EndGlobal
