
Microsoft Visual Studio Solution File, Format Version 12.00
# Visual Studio 15
VisualStudioVersion = 15.0.28307.489
MinimumVisualStudioVersion = 10.0.40219.1
Project("{FAE04EC0-301F-11D3-BF4B-00C04F79EFBC}") = "ThMEPEngineCore", "ThMEPEngineCore\ThMEPEngineCore.csproj", "{AD98390A-569D-4774-AA3E-D9F00BC84CD6}"
EndProject
Global
	GlobalSection(SolutionConfigurationPlatforms) = preSolution
		Debug|Any CPU = Debug|Any CPU
		Debug-NET40|Any CPU = Debug-NET40|Any CPU
		Debug-NET45|Any CPU = Debug-NET45|Any CPU
		Debug-NET46|Any CPU = Debug-NET46|Any CPU
		Release|Any CPU = Release|Any CPU
		Release-NET40|Any CPU = Release-NET40|Any CPU
		Release-NET45|Any CPU = Release-NET45|Any CPU
		Release-NET46|Any CPU = Release-NET46|Any CPU
	EndGlobalSection
	GlobalSection(ProjectConfigurationPlatforms) = postSolution
		{AD98390A-569D-4774-AA3E-D9F00BC84CD6}.Debug|Any CPU.ActiveCfg = Debug|Any CPU
		{AD98390A-569D-4774-AA3E-D9F00BC84CD6}.Debug|Any CPU.Build.0 = Debug|Any CPU
		{AD98390A-569D-4774-AA3E-D9F00BC84CD6}.Debug-NET40|Any CPU.ActiveCfg = Debug-NET40|Any CPU
		{AD98390A-569D-4774-AA3E-D9F00BC84CD6}.Debug-NET40|Any CPU.Build.0 = Debug-NET40|Any CPU
		{AD98390A-569D-4774-AA3E-D9F00BC84CD6}.Debug-NET45|Any CPU.ActiveCfg = Debug-NET45|Any CPU
		{AD98390A-569D-4774-AA3E-D9F00BC84CD6}.Debug-NET45|Any CPU.Build.0 = Debug-NET45|Any CPU
		{AD98390A-569D-4774-AA3E-D9F00BC84CD6}.Debug-NET46|Any CPU.ActiveCfg = Debug-NET46|Any CPU
		{AD98390A-569D-4774-AA3E-D9F00BC84CD6}.Debug-NET46|Any CPU.Build.0 = Debug-NET46|Any CPU
		{AD98390A-569D-4774-AA3E-D9F00BC84CD6}.Release|Any CPU.ActiveCfg = Release|Any CPU
		{AD98390A-569D-4774-AA3E-D9F00BC84CD6}.Release|Any CPU.Build.0 = Release|Any CPU
		{AD98390A-569D-4774-AA3E-D9F00BC84CD6}.Release-NET40|Any CPU.ActiveCfg = Release-NET40|Any CPU
		{AD98390A-569D-4774-AA3E-D9F00BC84CD6}.Release-NET40|Any CPU.Build.0 = Release-NET40|Any CPU
		{AD98390A-569D-4774-AA3E-D9F00BC84CD6}.Release-NET45|Any CPU.ActiveCfg = Release-NET45|Any CPU
		{AD98390A-569D-4774-AA3E-D9F00BC84CD6}.Release-NET45|Any CPU.Build.0 = Release-NET45|Any CPU
		{AD98390A-569D-4774-AA3E-D9F00BC84CD6}.Release-NET46|Any CPU.ActiveCfg = Release-NET46|Any CPU
		{AD98390A-569D-4774-AA3E-D9F00BC84CD6}.Release-NET46|Any CPU.Build.0 = Release-NET46|Any CPU
	EndGlobalSection
	GlobalSection(SolutionProperties) = preSolution
		HideSolutionNode = FALSE
	EndGlobalSection
	GlobalSection(ExtensibilityGlobals) = postSolution
		SolutionGuid = {4DC31E7F-3F21-4F0B-B4C8-C20B040E84EF}
		        SolutionGuid = {BACE1130-D315-4658-B063-566B4F1EBA5B}
	EndGlobalSection
EndGlobal
