
Microsoft Visual Studio Solution File, Format Version 12.00
# Visual Studio Version 16
VisualStudioVersion = 16.0.30503.244
MinimumVisualStudioVersion = 10.0.40219.1
Project("{FAE04EC0-301F-11D3-BF4B-00C04F79EFBC}") = "ThMEPEngineCore", "ThMEPEngineCore\ThMEPEngineCore.csproj", "{AD98390A-569D-4774-AA3E-D9F00BC84CD6}"
EndProject
Project("{FAE04EC0-301F-11D3-BF4B-00C04F79EFBC}") = "DotNetARX", "DotNetARX\2010\DotNetARX.csproj", "{5DDFCADA-BEA4-402C-B3E4-5C7F83C2F09E}"
EndProject
Project("{FAE04EC0-301F-11D3-BF4B-00C04F79EFBC}") = "ThCADCore", "ThCADCore\ThCADCore.csproj", "{C6AC9E68-9059-4DDD-8FA7-58E2656D572E}"
EndProject
Project("{FAE04EC0-301F-11D3-BF4B-00C04F79EFBC}") = "ThCADCore.Test", "ThCADCore.Test\ThCADCore.Test.csproj", "{6076B322-959E-46B1-AA98-ADB363B10438}"
EndProject
Project("{FAE04EC0-301F-11D3-BF4B-00C04F79EFBC}") = "ThMEPEngineCore.Test", "ThMEPEngineCore.Test\ThMEPEngineCore.Test.csproj", "{177B4E6A-7482-4D77-9A31-4AF641802AE7}"
EndProject
Project("{FAE04EC0-301F-11D3-BF4B-00C04F79EFBC}") = "CADExtension", "CADExtension\CADExtension.csproj", "{11DAD9AC-DA76-4B36-8315-9AF9BA638D41}"
EndProject
Project("{FAE04EC0-301F-11D3-BF4B-00C04F79EFBC}") = "ThCADExtension", "ThCADExtension\ThCADExtension.csproj", "{2ABCDB6E-F0C9-44C1-960F-31D494EF9738}"
EndProject
Global
	GlobalSection(SolutionConfigurationPlatforms) = preSolution
		Debug|Any CPU = Debug|Any CPU
		Debug-NET40|Any CPU = Debug-NET40|Any CPU
		Debug-NET45|Any CPU = Debug-NET45|Any CPU
		Debug-NET46|Any CPU = Debug-NET46|Any CPU
		Release|Any CPU = Release|Any CPU
		Release-NET40|Any CPU = Release-NET40|Any CPU
		Release-NET45|Any CPU = Release-NET45|Any CPU
		Release-NET46|Any CPU = Release-NET46|Any CPU
	EndGlobalSection
	GlobalSection(ProjectConfigurationPlatforms) = postSolution
		{AD98390A-569D-4774-AA3E-D9F00BC84CD6}.Debug|Any CPU.ActiveCfg = Debug|Any CPU
		{AD98390A-569D-4774-AA3E-D9F00BC84CD6}.Debug|Any CPU.Build.0 = Debug|Any CPU
		{AD98390A-569D-4774-AA3E-D9F00BC84CD6}.Debug-NET40|Any CPU.ActiveCfg = Debug-NET40|Any CPU
		{AD98390A-569D-4774-AA3E-D9F00BC84CD6}.Debug-NET40|Any CPU.Build.0 = Debug-NET40|Any CPU
		{AD98390A-569D-4774-AA3E-D9F00BC84CD6}.Debug-NET45|Any CPU.ActiveCfg = Debug-NET45|Any CPU
		{AD98390A-569D-4774-AA3E-D9F00BC84CD6}.Debug-NET45|Any CPU.Build.0 = Debug-NET45|Any CPU
		{AD98390A-569D-4774-AA3E-D9F00BC84CD6}.Debug-NET46|Any CPU.ActiveCfg = Debug-NET46|Any CPU
		{AD98390A-569D-4774-AA3E-D9F00BC84CD6}.Debug-NET46|Any CPU.Build.0 = Debug-NET46|Any CPU
		{AD98390A-569D-4774-AA3E-D9F00BC84CD6}.Release|Any CPU.ActiveCfg = Release|Any CPU
		{AD98390A-569D-4774-AA3E-D9F00BC84CD6}.Release|Any CPU.Build.0 = Release|Any CPU
		{AD98390A-569D-4774-AA3E-D9F00BC84CD6}.Release-NET40|Any CPU.ActiveCfg = Release-NET40|Any CPU
		{AD98390A-569D-4774-AA3E-D9F00BC84CD6}.Release-NET40|Any CPU.Build.0 = Release-NET40|Any CPU
		{AD98390A-569D-4774-AA3E-D9F00BC84CD6}.Release-NET45|Any CPU.ActiveCfg = Release-NET45|Any CPU
		{AD98390A-569D-4774-AA3E-D9F00BC84CD6}.Release-NET45|Any CPU.Build.0 = Release-NET45|Any CPU
		{AD98390A-569D-4774-AA3E-D9F00BC84CD6}.Release-NET46|Any CPU.ActiveCfg = Release-NET46|Any CPU
		{AD98390A-569D-4774-AA3E-D9F00BC84CD6}.Release-NET46|Any CPU.Build.0 = Release-NET46|Any CPU
		{5DDFCADA-BEA4-402C-B3E4-5C7F83C2F09E}.Debug|Any CPU.ActiveCfg = Debug|Any CPU
		{5DDFCADA-BEA4-402C-B3E4-5C7F83C2F09E}.Debug|Any CPU.Build.0 = Debug|Any CPU
		{5DDFCADA-BEA4-402C-B3E4-5C7F83C2F09E}.Debug-NET40|Any CPU.ActiveCfg = Debug-NET40|Any CPU
		{5DDFCADA-BEA4-402C-B3E4-5C7F83C2F09E}.Debug-NET40|Any CPU.Build.0 = Debug-NET40|Any CPU
		{5DDFCADA-BEA4-402C-B3E4-5C7F83C2F09E}.Debug-NET45|Any CPU.ActiveCfg = Debug-NET45|Any CPU
		{5DDFCADA-BEA4-402C-B3E4-5C7F83C2F09E}.Debug-NET45|Any CPU.Build.0 = Debug-NET45|Any CPU
		{5DDFCADA-BEA4-402C-B3E4-5C7F83C2F09E}.Debug-NET46|Any CPU.ActiveCfg = Debug-NET46|Any CPU
		{5DDFCADA-BEA4-402C-B3E4-5C7F83C2F09E}.Debug-NET46|Any CPU.Build.0 = Debug-NET46|Any CPU
		{5DDFCADA-BEA4-402C-B3E4-5C7F83C2F09E}.Release|Any CPU.ActiveCfg = Release|Any CPU
		{5DDFCADA-BEA4-402C-B3E4-5C7F83C2F09E}.Release|Any CPU.Build.0 = Release|Any CPU
		{5DDFCADA-BEA4-402C-B3E4-5C7F83C2F09E}.Release-NET40|Any CPU.ActiveCfg = Release-NET40|Any CPU
		{5DDFCADA-BEA4-402C-B3E4-5C7F83C2F09E}.Release-NET40|Any CPU.Build.0 = Release-NET40|Any CPU
		{5DDFCADA-BEA4-402C-B3E4-5C7F83C2F09E}.Release-NET45|Any CPU.ActiveCfg = Release-NET45|Any CPU
		{5DDFCADA-BEA4-402C-B3E4-5C7F83C2F09E}.Release-NET45|Any CPU.Build.0 = Release-NET45|Any CPU
		{5DDFCADA-BEA4-402C-B3E4-5C7F83C2F09E}.Release-NET46|Any CPU.ActiveCfg = Release-NET46|Any CPU
		{5DDFCADA-BEA4-402C-B3E4-5C7F83C2F09E}.Release-NET46|Any CPU.Build.0 = Release-NET46|Any CPU
		{C6AC9E68-9059-4DDD-8FA7-58E2656D572E}.Debug|Any CPU.ActiveCfg = Debug|Any CPU
		{C6AC9E68-9059-4DDD-8FA7-58E2656D572E}.Debug|Any CPU.Build.0 = Debug|Any CPU
		{C6AC9E68-9059-4DDD-8FA7-58E2656D572E}.Debug-NET40|Any CPU.ActiveCfg = Debug-NET40|Any CPU
		{C6AC9E68-9059-4DDD-8FA7-58E2656D572E}.Debug-NET40|Any CPU.Build.0 = Debug-NET40|Any CPU
		{C6AC9E68-9059-4DDD-8FA7-58E2656D572E}.Debug-NET45|Any CPU.ActiveCfg = Debug-NET45|Any CPU
		{C6AC9E68-9059-4DDD-8FA7-58E2656D572E}.Debug-NET45|Any CPU.Build.0 = Debug-NET45|Any CPU
		{C6AC9E68-9059-4DDD-8FA7-58E2656D572E}.Debug-NET46|Any CPU.ActiveCfg = Debug-NET46|Any CPU
		{C6AC9E68-9059-4DDD-8FA7-58E2656D572E}.Debug-NET46|Any CPU.Build.0 = Debug-NET46|Any CPU
		{C6AC9E68-9059-4DDD-8FA7-58E2656D572E}.Release|Any CPU.ActiveCfg = Release|Any CPU
		{C6AC9E68-9059-4DDD-8FA7-58E2656D572E}.Release|Any CPU.Build.0 = Release|Any CPU
		{C6AC9E68-9059-4DDD-8FA7-58E2656D572E}.Release-NET40|Any CPU.ActiveCfg = Release-NET40|Any CPU
		{C6AC9E68-9059-4DDD-8FA7-58E2656D572E}.Release-NET40|Any CPU.Build.0 = Release-NET40|Any CPU
		{C6AC9E68-9059-4DDD-8FA7-58E2656D572E}.Release-NET45|Any CPU.ActiveCfg = Release-NET45|Any CPU
		{C6AC9E68-9059-4DDD-8FA7-58E2656D572E}.Release-NET45|Any CPU.Build.0 = Release-NET45|Any CPU
		{C6AC9E68-9059-4DDD-8FA7-58E2656D572E}.Release-NET46|Any CPU.ActiveCfg = Release-NET46|Any CPU
		{C6AC9E68-9059-4DDD-8FA7-58E2656D572E}.Release-NET46|Any CPU.Build.0 = Release-NET46|Any CPU
		{6076B322-959E-46B1-AA98-ADB363B10438}.Debug|Any CPU.ActiveCfg = Debug|Any CPU
		{6076B322-959E-46B1-AA98-ADB363B10438}.Debug|Any CPU.Build.0 = Debug|Any CPU
		{6076B322-959E-46B1-AA98-ADB363B10438}.Debug-NET40|Any CPU.ActiveCfg = Debug-NET40|Any CPU
		{6076B322-959E-46B1-AA98-ADB363B10438}.Debug-NET40|Any CPU.Build.0 = Debug-NET40|Any CPU
		{6076B322-959E-46B1-AA98-ADB363B10438}.Debug-NET45|Any CPU.ActiveCfg = Debug-NET45|Any CPU
		{6076B322-959E-46B1-AA98-ADB363B10438}.Debug-NET45|Any CPU.Build.0 = Debug-NET45|Any CPU
		{6076B322-959E-46B1-AA98-ADB363B10438}.Debug-NET46|Any CPU.ActiveCfg = Debug-NET46|Any CPU
		{6076B322-959E-46B1-AA98-ADB363B10438}.Debug-NET46|Any CPU.Build.0 = Debug-NET46|Any CPU
		{6076B322-959E-46B1-AA98-ADB363B10438}.Release|Any CPU.ActiveCfg = Release|Any CPU
		{6076B322-959E-46B1-AA98-ADB363B10438}.Release|Any CPU.Build.0 = Release|Any CPU
		{6076B322-959E-46B1-AA98-ADB363B10438}.Release-NET40|Any CPU.ActiveCfg = Release-NET40|Any CPU
		{6076B322-959E-46B1-AA98-ADB363B10438}.Release-NET40|Any CPU.Build.0 = Release-NET40|Any CPU
		{6076B322-959E-46B1-AA98-ADB363B10438}.Release-NET45|Any CPU.ActiveCfg = Release-NET45|Any CPU
		{6076B322-959E-46B1-AA98-ADB363B10438}.Release-NET45|Any CPU.Build.0 = Release-NET45|Any CPU
		{6076B322-959E-46B1-AA98-ADB363B10438}.Release-NET46|Any CPU.ActiveCfg = Release-NET46|Any CPU
		{6076B322-959E-46B1-AA98-ADB363B10438}.Release-NET46|Any CPU.Build.0 = Release-NET46|Any CPU
		{177B4E6A-7482-4D77-9A31-4AF641802AE7}.Debug|Any CPU.ActiveCfg = Debug|Any CPU
		{177B4E6A-7482-4D77-9A31-4AF641802AE7}.Debug|Any CPU.Build.0 = Debug|Any CPU
		{177B4E6A-7482-4D77-9A31-4AF641802AE7}.Debug-NET40|Any CPU.ActiveCfg = Debug-NET40|Any CPU
		{177B4E6A-7482-4D77-9A31-4AF641802AE7}.Debug-NET40|Any CPU.Build.0 = Debug-NET40|Any CPU
		{177B4E6A-7482-4D77-9A31-4AF641802AE7}.Debug-NET45|Any CPU.ActiveCfg = Debug-NET45|Any CPU
		{177B4E6A-7482-4D77-9A31-4AF641802AE7}.Debug-NET45|Any CPU.Build.0 = Debug-NET45|Any CPU
		{177B4E6A-7482-4D77-9A31-4AF641802AE7}.Debug-NET46|Any CPU.ActiveCfg = Debug-NET46|Any CPU
		{177B4E6A-7482-4D77-9A31-4AF641802AE7}.Debug-NET46|Any CPU.Build.0 = Debug-NET46|Any CPU
		{177B4E6A-7482-4D77-9A31-4AF641802AE7}.Release|Any CPU.ActiveCfg = Release|Any CPU
		{177B4E6A-7482-4D77-9A31-4AF641802AE7}.Release|Any CPU.Build.0 = Release|Any CPU
		{177B4E6A-7482-4D77-9A31-4AF641802AE7}.Release-NET40|Any CPU.ActiveCfg = Release-NET40|Any CPU
		{177B4E6A-7482-4D77-9A31-4AF641802AE7}.Release-NET40|Any CPU.Build.0 = Release-NET40|Any CPU
		{177B4E6A-7482-4D77-9A31-4AF641802AE7}.Release-NET45|Any CPU.ActiveCfg = Release-NET45|Any CPU
		{177B4E6A-7482-4D77-9A31-4AF641802AE7}.Release-NET45|Any CPU.Build.0 = Release-NET45|Any CPU
		{177B4E6A-7482-4D77-9A31-4AF641802AE7}.Release-NET46|Any CPU.ActiveCfg = Release-NET46|Any CPU
		{177B4E6A-7482-4D77-9A31-4AF641802AE7}.Release-NET46|Any CPU.Build.0 = Release-NET46|Any CPU
		{11DAD9AC-DA76-4B36-8315-9AF9BA638D41}.Debug|Any CPU.ActiveCfg = Debug|Any CPU
		{11DAD9AC-DA76-4B36-8315-9AF9BA638D41}.Debug|Any CPU.Build.0 = Debug|Any CPU
		{11DAD9AC-DA76-4B36-8315-9AF9BA638D41}.Debug-NET40|Any CPU.ActiveCfg = Debug-NET40|Any CPU
		{11DAD9AC-DA76-4B36-8315-9AF9BA638D41}.Debug-NET40|Any CPU.Build.0 = Debug-NET40|Any CPU
		{11DAD9AC-DA76-4B36-8315-9AF9BA638D41}.Debug-NET45|Any CPU.ActiveCfg = Debug-NET45|Any CPU
		{11DAD9AC-DA76-4B36-8315-9AF9BA638D41}.Debug-NET45|Any CPU.Build.0 = Debug-NET45|Any CPU
		{11DAD9AC-DA76-4B36-8315-9AF9BA638D41}.Debug-NET46|Any CPU.ActiveCfg = Debug-NET46|Any CPU
		{11DAD9AC-DA76-4B36-8315-9AF9BA638D41}.Debug-NET46|Any CPU.Build.0 = Debug-NET46|Any CPU
		{11DAD9AC-DA76-4B36-8315-9AF9BA638D41}.Release|Any CPU.ActiveCfg = Release|Any CPU
		{11DAD9AC-DA76-4B36-8315-9AF9BA638D41}.Release|Any CPU.Build.0 = Release|Any CPU
		{11DAD9AC-DA76-4B36-8315-9AF9BA638D41}.Release-NET40|Any CPU.ActiveCfg = Release-NET40|Any CPU
		{11DAD9AC-DA76-4B36-8315-9AF9BA638D41}.Release-NET40|Any CPU.Build.0 = Release-NET40|Any CPU
		{11DAD9AC-DA76-4B36-8315-9AF9BA638D41}.Release-NET45|Any CPU.ActiveCfg = Release-NET45|Any CPU
		{11DAD9AC-DA76-4B36-8315-9AF9BA638D41}.Release-NET45|Any CPU.Build.0 = Release-NET45|Any CPU
		{11DAD9AC-DA76-4B36-8315-9AF9BA638D41}.Release-NET46|Any CPU.ActiveCfg = Release-NET46|Any CPU
		{11DAD9AC-DA76-4B36-8315-9AF9BA638D41}.Release-NET46|Any CPU.Build.0 = Release-NET46|Any CPU
		{2ABCDB6E-F0C9-44C1-960F-31D494EF9738}.Debug|Any CPU.ActiveCfg = Debug|Any CPU
		{2ABCDB6E-F0C9-44C1-960F-31D494EF9738}.Debug|Any CPU.Build.0 = Debug|Any CPU
		{2ABCDB6E-F0C9-44C1-960F-31D494EF9738}.Debug-NET40|Any CPU.ActiveCfg = Debug-NET40|Any CPU
		{2ABCDB6E-F0C9-44C1-960F-31D494EF9738}.Debug-NET40|Any CPU.Build.0 = Debug-NET40|Any CPU
		{2ABCDB6E-F0C9-44C1-960F-31D494EF9738}.Debug-NET45|Any CPU.ActiveCfg = Debug-NET45|Any CPU
		{2ABCDB6E-F0C9-44C1-960F-31D494EF9738}.Debug-NET45|Any CPU.Build.0 = Debug-NET45|Any CPU
		{2ABCDB6E-F0C9-44C1-960F-31D494EF9738}.Debug-NET46|Any CPU.ActiveCfg = Debug-NET46|Any CPU
		{2ABCDB6E-F0C9-44C1-960F-31D494EF9738}.Debug-NET46|Any CPU.Build.0 = Debug-NET46|Any CPU
		{2ABCDB6E-F0C9-44C1-960F-31D494EF9738}.Release|Any CPU.ActiveCfg = Release|Any CPU
		{2ABCDB6E-F0C9-44C1-960F-31D494EF9738}.Release|Any CPU.Build.0 = Release|Any CPU
		{2ABCDB6E-F0C9-44C1-960F-31D494EF9738}.Release-NET40|Any CPU.ActiveCfg = Release-NET40|Any CPU
		{2ABCDB6E-F0C9-44C1-960F-31D494EF9738}.Release-NET40|Any CPU.Build.0 = Release-NET40|Any CPU
		{2ABCDB6E-F0C9-44C1-960F-31D494EF9738}.Release-NET45|Any CPU.ActiveCfg = Release-NET45|Any CPU
		{2ABCDB6E-F0C9-44C1-960F-31D494EF9738}.Release-NET45|Any CPU.Build.0 = Release-NET45|Any CPU
		{2ABCDB6E-F0C9-44C1-960F-31D494EF9738}.Release-NET46|Any CPU.ActiveCfg = Release-NET46|Any CPU
		{2ABCDB6E-F0C9-44C1-960F-31D494EF9738}.Release-NET46|Any CPU.Build.0 = Release-NET46|Any CPU
	EndGlobalSection
	GlobalSection(SolutionProperties) = preSolution
		HideSolutionNode = FALSE
	EndGlobalSection
	GlobalSection(ExtensibilityGlobals) = postSolution
		SolutionGuid = {4DC31E7F-3F21-4F0B-B4C8-C20B040E84EF}
		        SolutionGuid = {BACE1130-D315-4658-B063-566B4F1EBA5B}
	EndGlobalSection
EndGlobal
