
Microsoft Visual Studio Solution File, Format Version 12.00
# Visual Studio Version 17
VisualStudioVersion = 17.3.32819.101
MinimumVisualStudioVersion = 10.0.40219.1
Project("{FAE04EC0-301F-11D3-BF4B-00C04F79EFBC}") = "ThMEPEngineCore", "ThMEPEngineCore\ThMEPEngineCore.csproj", "{AD98390A-569D-4774-AA3E-D9F00BC84CD6}"
EndProject
Project("{FAE04EC0-301F-11D3-BF4B-00C04F79EFBC}") = "ThDotNetARX", "DotNetARX\2010\ThDotNetARX.csproj", "{5DDFCADA-BEA4-402C-B3E4-5C7F83C2F09E}"
EndProject
Project("{FAE04EC0-301F-11D3-BF4B-00C04F79EFBC}") = "ThCADCore", "ThCADCore\ThCADCore.csproj", "{C6AC9E68-9059-4DDD-8FA7-58E2656D572E}"
EndProject
Project("{FAE04EC0-301F-11D3-BF4B-00C04F79EFBC}") = "ThCADCore.Test", "ThCADCore.Test\ThCADCore.Test.csproj", "{6076B322-959E-46B1-AA98-ADB363B10438}"
EndProject
Project("{FAE04EC0-301F-11D3-BF4B-00C04F79EFBC}") = "ThMEPEngineCore.Test", "ThMEPEngineCore.Test\ThMEPEngineCore.Test.csproj", "{177B4E6A-7482-4D77-9A31-4AF641802AE7}"
EndProject
Project("{FAE04EC0-301F-11D3-BF4B-00C04F79EFBC}") = "CADExtension", "CADExtension\CADExtension.csproj", "{11DAD9AC-DA76-4B36-8315-9AF9BA638D41}"
EndProject
Project("{FAE04EC0-301F-11D3-BF4B-00C04F79EFBC}") = "ThCADExtension", "ThCADExtension\ThCADExtension.csproj", "{2ABCDB6E-F0C9-44C1-960F-31D494EF9738}"
EndProject
Project("{FAE04EC0-301F-11D3-BF4B-00C04F79EFBC}") = "ThControlLibraryWPF", "ThControlLibraryWPF\ThControlLibraryWPF.csproj", "{17F707AF-855C-416C-A55E-DFF6FF92FC30}"
EndProject
Project("{FAE04EC0-301F-11D3-BF4B-00C04F79EFBC}") = "ThMEPTCH", "ThMEPTCH\ThMEPTCH.csproj", "{BA9B9213-0D44-4913-94C5-5DC6C0172B31}"
EndProject
Project("{FAE04EC0-301F-11D3-BF4B-00C04F79EFBC}") = "ThMEPIO", "ThMEPIO\ThMEPIO.csproj", "{81CA0ABB-8E13-4E53-99B6-56BAAF2F7BD9}"
EndProject
Project("{FAE04EC0-301F-11D3-BF4B-00C04F79EFBC}") = "Tianhua.Platform3D.UI", "Tianhua.Platform3D.UI\Tianhua.Platform3D.UI.csproj", "{3EF36E8F-C456-4BAF-9E46-1EAAF3FB738E}"
EndProject
Project("{FAE04EC0-301F-11D3-BF4B-00C04F79EFBC}") = "ThPlatform3D", "ThPlatform3D\ThPlatform3D.csproj", "{B3C054D6-679A-49C4-9902-CADCCF20D5F6}"
EndProject
Project("{FAE04EC0-301F-11D3-BF4B-00C04F79EFBC}") = "ThPlatform3DCui", "ThPlatform3DCui\ThPlatform3DCui.csproj", "{69F47660-C344-4BB6-98B5-31438B987C06}"
EndProject
Project("{FAE04EC0-301F-11D3-BF4B-00C04F79EFBC}") = "ThMEPAnalytics", "ThAnalytics\ThMEPAnalytics.csproj", "{EDF8EB87-5032-47EF-A922-23760BDA3D42}"
EndProject
Project("{FAE04EC0-301F-11D3-BF4B-00C04F79EFBC}") = "ThMEPIdentity", "ThMEPIdentity\ThMEPIdentity.csproj", "{4BC759A7-B662-4177-8767-ADDDE5C0E9EA}"
EndProject
Global
	GlobalSection(SolutionConfigurationPlatforms) = preSolution
		Debug|Any CPU = Debug|Any CPU
		Debug|x64 = Debug|x64
		Debug|x86 = Debug|x86
		Debug-NET40|Any CPU = Debug-NET40|Any CPU
		Debug-NET40|x64 = Debug-NET40|x64
		Debug-NET40|x86 = Debug-NET40|x86
		Debug-NET45|Any CPU = Debug-NET45|Any CPU
		Debug-NET45|x64 = Debug-NET45|x64
		Debug-NET45|x86 = Debug-NET45|x86
		Debug-NET46|Any CPU = Debug-NET46|Any CPU
		Debug-NET46|x64 = Debug-NET46|x64
		Debug-NET46|x86 = Debug-NET46|x86
		Release|Any CPU = Release|Any CPU
		Release|x64 = Release|x64
		Release|x86 = Release|x86
		Release-NET40|Any CPU = Release-NET40|Any CPU
		Release-NET40|x64 = Release-NET40|x64
		Release-NET40|x86 = Release-NET40|x86
		Release-NET45|Any CPU = Release-NET45|Any CPU
		Release-NET45|x64 = Release-NET45|x64
		Release-NET45|x86 = Release-NET45|x86
		Release-NET46|Any CPU = Release-NET46|Any CPU
		Release-NET46|x64 = Release-NET46|x64
		Release-NET46|x86 = Release-NET46|x86
	EndGlobalSection
	GlobalSection(ProjectConfigurationPlatforms) = postSolution
		{AD98390A-569D-4774-AA3E-D9F00BC84CD6}.Debug|Any CPU.ActiveCfg = Debug|Any CPU
		{AD98390A-569D-4774-AA3E-D9F00BC84CD6}.Debug|Any CPU.Build.0 = Debug|Any CPU
		{AD98390A-569D-4774-AA3E-D9F00BC84CD6}.Debug|x64.ActiveCfg = Debug|Any CPU
		{AD98390A-569D-4774-AA3E-D9F00BC84CD6}.Debug|x64.Build.0 = Debug|Any CPU
		{AD98390A-569D-4774-AA3E-D9F00BC84CD6}.Debug|x86.ActiveCfg = Debug|Any CPU
		{AD98390A-569D-4774-AA3E-D9F00BC84CD6}.Debug|x86.Build.0 = Debug|Any CPU
		{AD98390A-569D-4774-AA3E-D9F00BC84CD6}.Debug-NET40|Any CPU.ActiveCfg = Debug-NET40|Any CPU
		{AD98390A-569D-4774-AA3E-D9F00BC84CD6}.Debug-NET40|Any CPU.Build.0 = Debug-NET40|Any CPU
		{AD98390A-569D-4774-AA3E-D9F00BC84CD6}.Debug-NET40|x64.ActiveCfg = Debug-NET40|Any CPU
		{AD98390A-569D-4774-AA3E-D9F00BC84CD6}.Debug-NET40|x64.Build.0 = Debug-NET40|Any CPU
		{AD98390A-569D-4774-AA3E-D9F00BC84CD6}.Debug-NET40|x86.ActiveCfg = Debug-NET40|Any CPU
		{AD98390A-569D-4774-AA3E-D9F00BC84CD6}.Debug-NET40|x86.Build.0 = Debug-NET40|Any CPU
		{AD98390A-569D-4774-AA3E-D9F00BC84CD6}.Debug-NET45|Any CPU.ActiveCfg = Debug-NET45|Any CPU
		{AD98390A-569D-4774-AA3E-D9F00BC84CD6}.Debug-NET45|Any CPU.Build.0 = Debug-NET45|Any CPU
		{AD98390A-569D-4774-AA3E-D9F00BC84CD6}.Debug-NET45|x64.ActiveCfg = Debug-NET45|Any CPU
		{AD98390A-569D-4774-AA3E-D9F00BC84CD6}.Debug-NET45|x64.Build.0 = Debug-NET45|Any CPU
		{AD98390A-569D-4774-AA3E-D9F00BC84CD6}.Debug-NET45|x86.ActiveCfg = Debug-NET45|Any CPU
		{AD98390A-569D-4774-AA3E-D9F00BC84CD6}.Debug-NET45|x86.Build.0 = Debug-NET45|Any CPU
		{AD98390A-569D-4774-AA3E-D9F00BC84CD6}.Debug-NET46|Any CPU.ActiveCfg = Debug-NET46|Any CPU
		{AD98390A-569D-4774-AA3E-D9F00BC84CD6}.Debug-NET46|Any CPU.Build.0 = Debug-NET46|Any CPU
		{AD98390A-569D-4774-AA3E-D9F00BC84CD6}.Debug-NET46|x64.ActiveCfg = Debug-NET46|Any CPU
		{AD98390A-569D-4774-AA3E-D9F00BC84CD6}.Debug-NET46|x64.Build.0 = Debug-NET46|Any CPU
		{AD98390A-569D-4774-AA3E-D9F00BC84CD6}.Debug-NET46|x86.ActiveCfg = Debug-NET46|Any CPU
		{AD98390A-569D-4774-AA3E-D9F00BC84CD6}.Debug-NET46|x86.Build.0 = Debug-NET46|Any CPU
		{AD98390A-569D-4774-AA3E-D9F00BC84CD6}.Release|Any CPU.ActiveCfg = Release|Any CPU
		{AD98390A-569D-4774-AA3E-D9F00BC84CD6}.Release|Any CPU.Build.0 = Release|Any CPU
		{AD98390A-569D-4774-AA3E-D9F00BC84CD6}.Release|x64.ActiveCfg = Release|Any CPU
		{AD98390A-569D-4774-AA3E-D9F00BC84CD6}.Release|x64.Build.0 = Release|Any CPU
		{AD98390A-569D-4774-AA3E-D9F00BC84CD6}.Release|x86.ActiveCfg = Release|Any CPU
		{AD98390A-569D-4774-AA3E-D9F00BC84CD6}.Release|x86.Build.0 = Release|Any CPU
		{AD98390A-569D-4774-AA3E-D9F00BC84CD6}.Release-NET40|Any CPU.ActiveCfg = Release-NET40|Any CPU
		{AD98390A-569D-4774-AA3E-D9F00BC84CD6}.Release-NET40|Any CPU.Build.0 = Release-NET40|Any CPU
		{AD98390A-569D-4774-AA3E-D9F00BC84CD6}.Release-NET40|x64.ActiveCfg = Release-NET40|Any CPU
		{AD98390A-569D-4774-AA3E-D9F00BC84CD6}.Release-NET40|x64.Build.0 = Release-NET40|Any CPU
		{AD98390A-569D-4774-AA3E-D9F00BC84CD6}.Release-NET40|x86.ActiveCfg = Release-NET40|Any CPU
		{AD98390A-569D-4774-AA3E-D9F00BC84CD6}.Release-NET40|x86.Build.0 = Release-NET40|Any CPU
		{AD98390A-569D-4774-AA3E-D9F00BC84CD6}.Release-NET45|Any CPU.ActiveCfg = Release-NET45|Any CPU
		{AD98390A-569D-4774-AA3E-D9F00BC84CD6}.Release-NET45|Any CPU.Build.0 = Release-NET45|Any CPU
		{AD98390A-569D-4774-AA3E-D9F00BC84CD6}.Release-NET45|x64.ActiveCfg = Release-NET45|Any CPU
		{AD98390A-569D-4774-AA3E-D9F00BC84CD6}.Release-NET45|x64.Build.0 = Release-NET45|Any CPU
		{AD98390A-569D-4774-AA3E-D9F00BC84CD6}.Release-NET45|x86.ActiveCfg = Release-NET45|Any CPU
		{AD98390A-569D-4774-AA3E-D9F00BC84CD6}.Release-NET45|x86.Build.0 = Release-NET45|Any CPU
		{AD98390A-569D-4774-AA3E-D9F00BC84CD6}.Release-NET46|Any CPU.ActiveCfg = Release-NET46|Any CPU
		{AD98390A-569D-4774-AA3E-D9F00BC84CD6}.Release-NET46|Any CPU.Build.0 = Release-NET46|Any CPU
		{AD98390A-569D-4774-AA3E-D9F00BC84CD6}.Release-NET46|x64.ActiveCfg = Release-NET46|Any CPU
		{AD98390A-569D-4774-AA3E-D9F00BC84CD6}.Release-NET46|x64.Build.0 = Release-NET46|Any CPU
		{AD98390A-569D-4774-AA3E-D9F00BC84CD6}.Release-NET46|x86.ActiveCfg = Release-NET46|Any CPU
		{AD98390A-569D-4774-AA3E-D9F00BC84CD6}.Release-NET46|x86.Build.0 = Release-NET46|Any CPU
		{5DDFCADA-BEA4-402C-B3E4-5C7F83C2F09E}.Debug|Any CPU.ActiveCfg = Debug|Any CPU
		{5DDFCADA-BEA4-402C-B3E4-5C7F83C2F09E}.Debug|Any CPU.Build.0 = Debug|Any CPU
		{5DDFCADA-BEA4-402C-B3E4-5C7F83C2F09E}.Debug|x64.ActiveCfg = Debug|Any CPU
		{5DDFCADA-BEA4-402C-B3E4-5C7F83C2F09E}.Debug|x64.Build.0 = Debug|Any CPU
		{5DDFCADA-BEA4-402C-B3E4-5C7F83C2F09E}.Debug|x86.ActiveCfg = Debug|Any CPU
		{5DDFCADA-BEA4-402C-B3E4-5C7F83C2F09E}.Debug|x86.Build.0 = Debug|Any CPU
		{5DDFCADA-BEA4-402C-B3E4-5C7F83C2F09E}.Debug-NET40|Any CPU.ActiveCfg = Debug-NET40|Any CPU
		{5DDFCADA-BEA4-402C-B3E4-5C7F83C2F09E}.Debug-NET40|Any CPU.Build.0 = Debug-NET40|Any CPU
		{5DDFCADA-BEA4-402C-B3E4-5C7F83C2F09E}.Debug-NET40|x64.ActiveCfg = Debug-NET40|Any CPU
		{5DDFCADA-BEA4-402C-B3E4-5C7F83C2F09E}.Debug-NET40|x64.Build.0 = Debug-NET40|Any CPU
		{5DDFCADA-BEA4-402C-B3E4-5C7F83C2F09E}.Debug-NET40|x86.ActiveCfg = Debug-NET40|Any CPU
		{5DDFCADA-BEA4-402C-B3E4-5C7F83C2F09E}.Debug-NET40|x86.Build.0 = Debug-NET40|Any CPU
		{5DDFCADA-BEA4-402C-B3E4-5C7F83C2F09E}.Debug-NET45|Any CPU.ActiveCfg = Debug-NET45|Any CPU
		{5DDFCADA-BEA4-402C-B3E4-5C7F83C2F09E}.Debug-NET45|Any CPU.Build.0 = Debug-NET45|Any CPU
		{5DDFCADA-BEA4-402C-B3E4-5C7F83C2F09E}.Debug-NET45|x64.ActiveCfg = Debug-NET45|Any CPU
		{5DDFCADA-BEA4-402C-B3E4-5C7F83C2F09E}.Debug-NET45|x64.Build.0 = Debug-NET45|Any CPU
		{5DDFCADA-BEA4-402C-B3E4-5C7F83C2F09E}.Debug-NET45|x86.ActiveCfg = Debug-NET45|Any CPU
		{5DDFCADA-BEA4-402C-B3E4-5C7F83C2F09E}.Debug-NET45|x86.Build.0 = Debug-NET45|Any CPU
		{5DDFCADA-BEA4-402C-B3E4-5C7F83C2F09E}.Debug-NET46|Any CPU.ActiveCfg = Debug-NET46|Any CPU
		{5DDFCADA-BEA4-402C-B3E4-5C7F83C2F09E}.Debug-NET46|Any CPU.Build.0 = Debug-NET46|Any CPU
		{5DDFCADA-BEA4-402C-B3E4-5C7F83C2F09E}.Debug-NET46|x64.ActiveCfg = Debug-NET46|Any CPU
		{5DDFCADA-BEA4-402C-B3E4-5C7F83C2F09E}.Debug-NET46|x64.Build.0 = Debug-NET46|Any CPU
		{5DDFCADA-BEA4-402C-B3E4-5C7F83C2F09E}.Debug-NET46|x86.ActiveCfg = Debug-NET46|Any CPU
		{5DDFCADA-BEA4-402C-B3E4-5C7F83C2F09E}.Debug-NET46|x86.Build.0 = Debug-NET46|Any CPU
		{5DDFCADA-BEA4-402C-B3E4-5C7F83C2F09E}.Release|Any CPU.ActiveCfg = Release|Any CPU
		{5DDFCADA-BEA4-402C-B3E4-5C7F83C2F09E}.Release|Any CPU.Build.0 = Release|Any CPU
		{5DDFCADA-BEA4-402C-B3E4-5C7F83C2F09E}.Release|x64.ActiveCfg = Release|Any CPU
		{5DDFCADA-BEA4-402C-B3E4-5C7F83C2F09E}.Release|x64.Build.0 = Release|Any CPU
		{5DDFCADA-BEA4-402C-B3E4-5C7F83C2F09E}.Release|x86.ActiveCfg = Release|Any CPU
		{5DDFCADA-BEA4-402C-B3E4-5C7F83C2F09E}.Release|x86.Build.0 = Release|Any CPU
		{5DDFCADA-BEA4-402C-B3E4-5C7F83C2F09E}.Release-NET40|Any CPU.ActiveCfg = Release-NET40|Any CPU
		{5DDFCADA-BEA4-402C-B3E4-5C7F83C2F09E}.Release-NET40|Any CPU.Build.0 = Release-NET40|Any CPU
		{5DDFCADA-BEA4-402C-B3E4-5C7F83C2F09E}.Release-NET40|x64.ActiveCfg = Release-NET40|Any CPU
		{5DDFCADA-BEA4-402C-B3E4-5C7F83C2F09E}.Release-NET40|x64.Build.0 = Release-NET40|Any CPU
		{5DDFCADA-BEA4-402C-B3E4-5C7F83C2F09E}.Release-NET40|x86.ActiveCfg = Release-NET40|Any CPU
		{5DDFCADA-BEA4-402C-B3E4-5C7F83C2F09E}.Release-NET40|x86.Build.0 = Release-NET40|Any CPU
		{5DDFCADA-BEA4-402C-B3E4-5C7F83C2F09E}.Release-NET45|Any CPU.ActiveCfg = Release-NET45|Any CPU
		{5DDFCADA-BEA4-402C-B3E4-5C7F83C2F09E}.Release-NET45|Any CPU.Build.0 = Release-NET45|Any CPU
		{5DDFCADA-BEA4-402C-B3E4-5C7F83C2F09E}.Release-NET45|x64.ActiveCfg = Release-NET45|Any CPU
		{5DDFCADA-BEA4-402C-B3E4-5C7F83C2F09E}.Release-NET45|x64.Build.0 = Release-NET45|Any CPU
		{5DDFCADA-BEA4-402C-B3E4-5C7F83C2F09E}.Release-NET45|x86.ActiveCfg = Release-NET45|Any CPU
		{5DDFCADA-BEA4-402C-B3E4-5C7F83C2F09E}.Release-NET45|x86.Build.0 = Release-NET45|Any CPU
		{5DDFCADA-BEA4-402C-B3E4-5C7F83C2F09E}.Release-NET46|Any CPU.ActiveCfg = Release-NET46|Any CPU
		{5DDFCADA-BEA4-402C-B3E4-5C7F83C2F09E}.Release-NET46|Any CPU.Build.0 = Release-NET46|Any CPU
		{5DDFCADA-BEA4-402C-B3E4-5C7F83C2F09E}.Release-NET46|x64.ActiveCfg = Release-NET46|Any CPU
		{5DDFCADA-BEA4-402C-B3E4-5C7F83C2F09E}.Release-NET46|x64.Build.0 = Release-NET46|Any CPU
		{5DDFCADA-BEA4-402C-B3E4-5C7F83C2F09E}.Release-NET46|x86.ActiveCfg = Release-NET46|Any CPU
		{5DDFCADA-BEA4-402C-B3E4-5C7F83C2F09E}.Release-NET46|x86.Build.0 = Release-NET46|Any CPU
		{C6AC9E68-9059-4DDD-8FA7-58E2656D572E}.Debug|Any CPU.ActiveCfg = Debug|Any CPU
		{C6AC9E68-9059-4DDD-8FA7-58E2656D572E}.Debug|Any CPU.Build.0 = Debug|Any CPU
		{C6AC9E68-9059-4DDD-8FA7-58E2656D572E}.Debug|x64.ActiveCfg = Debug|Any CPU
		{C6AC9E68-9059-4DDD-8FA7-58E2656D572E}.Debug|x64.Build.0 = Debug|Any CPU
		{C6AC9E68-9059-4DDD-8FA7-58E2656D572E}.Debug|x86.ActiveCfg = Debug|Any CPU
		{C6AC9E68-9059-4DDD-8FA7-58E2656D572E}.Debug|x86.Build.0 = Debug|Any CPU
		{C6AC9E68-9059-4DDD-8FA7-58E2656D572E}.Debug-NET40|Any CPU.ActiveCfg = Debug-NET40|Any CPU
		{C6AC9E68-9059-4DDD-8FA7-58E2656D572E}.Debug-NET40|Any CPU.Build.0 = Debug-NET40|Any CPU
		{C6AC9E68-9059-4DDD-8FA7-58E2656D572E}.Debug-NET40|x64.ActiveCfg = Debug-NET40|Any CPU
		{C6AC9E68-9059-4DDD-8FA7-58E2656D572E}.Debug-NET40|x64.Build.0 = Debug-NET40|Any CPU
		{C6AC9E68-9059-4DDD-8FA7-58E2656D572E}.Debug-NET40|x86.ActiveCfg = Debug-NET40|Any CPU
		{C6AC9E68-9059-4DDD-8FA7-58E2656D572E}.Debug-NET40|x86.Build.0 = Debug-NET40|Any CPU
		{C6AC9E68-9059-4DDD-8FA7-58E2656D572E}.Debug-NET45|Any CPU.ActiveCfg = Debug-NET45|Any CPU
		{C6AC9E68-9059-4DDD-8FA7-58E2656D572E}.Debug-NET45|Any CPU.Build.0 = Debug-NET45|Any CPU
		{C6AC9E68-9059-4DDD-8FA7-58E2656D572E}.Debug-NET45|x64.ActiveCfg = Debug-NET45|Any CPU
		{C6AC9E68-9059-4DDD-8FA7-58E2656D572E}.Debug-NET45|x64.Build.0 = Debug-NET45|Any CPU
		{C6AC9E68-9059-4DDD-8FA7-58E2656D572E}.Debug-NET45|x86.ActiveCfg = Debug-NET45|Any CPU
		{C6AC9E68-9059-4DDD-8FA7-58E2656D572E}.Debug-NET45|x86.Build.0 = Debug-NET45|Any CPU
		{C6AC9E68-9059-4DDD-8FA7-58E2656D572E}.Debug-NET46|Any CPU.ActiveCfg = Debug-NET46|Any CPU
		{C6AC9E68-9059-4DDD-8FA7-58E2656D572E}.Debug-NET46|Any CPU.Build.0 = Debug-NET46|Any CPU
		{C6AC9E68-9059-4DDD-8FA7-58E2656D572E}.Debug-NET46|x64.ActiveCfg = Debug-NET46|Any CPU
		{C6AC9E68-9059-4DDD-8FA7-58E2656D572E}.Debug-NET46|x64.Build.0 = Debug-NET46|Any CPU
		{C6AC9E68-9059-4DDD-8FA7-58E2656D572E}.Debug-NET46|x86.ActiveCfg = Debug-NET46|Any CPU
		{C6AC9E68-9059-4DDD-8FA7-58E2656D572E}.Debug-NET46|x86.Build.0 = Debug-NET46|Any CPU
		{C6AC9E68-9059-4DDD-8FA7-58E2656D572E}.Release|Any CPU.ActiveCfg = Release|Any CPU
		{C6AC9E68-9059-4DDD-8FA7-58E2656D572E}.Release|Any CPU.Build.0 = Release|Any CPU
		{C6AC9E68-9059-4DDD-8FA7-58E2656D572E}.Release|x64.ActiveCfg = Release|Any CPU
		{C6AC9E68-9059-4DDD-8FA7-58E2656D572E}.Release|x64.Build.0 = Release|Any CPU
		{C6AC9E68-9059-4DDD-8FA7-58E2656D572E}.Release|x86.ActiveCfg = Release|Any CPU
		{C6AC9E68-9059-4DDD-8FA7-58E2656D572E}.Release|x86.Build.0 = Release|Any CPU
		{C6AC9E68-9059-4DDD-8FA7-58E2656D572E}.Release-NET40|Any CPU.ActiveCfg = Release-NET40|Any CPU
		{C6AC9E68-9059-4DDD-8FA7-58E2656D572E}.Release-NET40|Any CPU.Build.0 = Release-NET40|Any CPU
		{C6AC9E68-9059-4DDD-8FA7-58E2656D572E}.Release-NET40|x64.ActiveCfg = Release-NET40|Any CPU
		{C6AC9E68-9059-4DDD-8FA7-58E2656D572E}.Release-NET40|x64.Build.0 = Release-NET40|Any CPU
		{C6AC9E68-9059-4DDD-8FA7-58E2656D572E}.Release-NET40|x86.ActiveCfg = Release-NET40|Any CPU
		{C6AC9E68-9059-4DDD-8FA7-58E2656D572E}.Release-NET40|x86.Build.0 = Release-NET40|Any CPU
		{C6AC9E68-9059-4DDD-8FA7-58E2656D572E}.Release-NET45|Any CPU.ActiveCfg = Release-NET45|Any CPU
		{C6AC9E68-9059-4DDD-8FA7-58E2656D572E}.Release-NET45|Any CPU.Build.0 = Release-NET45|Any CPU
		{C6AC9E68-9059-4DDD-8FA7-58E2656D572E}.Release-NET45|x64.ActiveCfg = Release-NET45|Any CPU
		{C6AC9E68-9059-4DDD-8FA7-58E2656D572E}.Release-NET45|x64.Build.0 = Release-NET45|Any CPU
		{C6AC9E68-9059-4DDD-8FA7-58E2656D572E}.Release-NET45|x86.ActiveCfg = Release-NET45|Any CPU
		{C6AC9E68-9059-4DDD-8FA7-58E2656D572E}.Release-NET45|x86.Build.0 = Release-NET45|Any CPU
		{C6AC9E68-9059-4DDD-8FA7-58E2656D572E}.Release-NET46|Any CPU.ActiveCfg = Release-NET46|Any CPU
		{C6AC9E68-9059-4DDD-8FA7-58E2656D572E}.Release-NET46|Any CPU.Build.0 = Release-NET46|Any CPU
		{C6AC9E68-9059-4DDD-8FA7-58E2656D572E}.Release-NET46|x64.ActiveCfg = Release-NET46|Any CPU
		{C6AC9E68-9059-4DDD-8FA7-58E2656D572E}.Release-NET46|x64.Build.0 = Release-NET46|Any CPU
		{C6AC9E68-9059-4DDD-8FA7-58E2656D572E}.Release-NET46|x86.ActiveCfg = Release-NET46|Any CPU
		{C6AC9E68-9059-4DDD-8FA7-58E2656D572E}.Release-NET46|x86.Build.0 = Release-NET46|Any CPU
		{6076B322-959E-46B1-AA98-ADB363B10438}.Debug|Any CPU.ActiveCfg = Debug|Any CPU
		{6076B322-959E-46B1-AA98-ADB363B10438}.Debug|Any CPU.Build.0 = Debug|Any CPU
		{6076B322-959E-46B1-AA98-ADB363B10438}.Debug|x64.ActiveCfg = Debug|Any CPU
		{6076B322-959E-46B1-AA98-ADB363B10438}.Debug|x64.Build.0 = Debug|Any CPU
		{6076B322-959E-46B1-AA98-ADB363B10438}.Debug|x86.ActiveCfg = Debug|Any CPU
		{6076B322-959E-46B1-AA98-ADB363B10438}.Debug|x86.Build.0 = Debug|Any CPU
		{6076B322-959E-46B1-AA98-ADB363B10438}.Debug-NET40|Any CPU.ActiveCfg = Debug-NET40|Any CPU
		{6076B322-959E-46B1-AA98-ADB363B10438}.Debug-NET40|Any CPU.Build.0 = Debug-NET40|Any CPU
		{6076B322-959E-46B1-AA98-ADB363B10438}.Debug-NET40|x64.ActiveCfg = Debug-NET40|Any CPU
		{6076B322-959E-46B1-AA98-ADB363B10438}.Debug-NET40|x64.Build.0 = Debug-NET40|Any CPU
		{6076B322-959E-46B1-AA98-ADB363B10438}.Debug-NET40|x86.ActiveCfg = Debug-NET40|Any CPU
		{6076B322-959E-46B1-AA98-ADB363B10438}.Debug-NET40|x86.Build.0 = Debug-NET40|Any CPU
		{6076B322-959E-46B1-AA98-ADB363B10438}.Debug-NET45|Any CPU.ActiveCfg = Debug-NET45|Any CPU
		{6076B322-959E-46B1-AA98-ADB363B10438}.Debug-NET45|Any CPU.Build.0 = Debug-NET45|Any CPU
		{6076B322-959E-46B1-AA98-ADB363B10438}.Debug-NET45|x64.ActiveCfg = Debug-NET45|Any CPU
		{6076B322-959E-46B1-AA98-ADB363B10438}.Debug-NET45|x64.Build.0 = Debug-NET45|Any CPU
		{6076B322-959E-46B1-AA98-ADB363B10438}.Debug-NET45|x86.ActiveCfg = Debug-NET45|Any CPU
		{6076B322-959E-46B1-AA98-ADB363B10438}.Debug-NET45|x86.Build.0 = Debug-NET45|Any CPU
		{6076B322-959E-46B1-AA98-ADB363B10438}.Debug-NET46|Any CPU.ActiveCfg = Debug-NET46|Any CPU
		{6076B322-959E-46B1-AA98-ADB363B10438}.Debug-NET46|Any CPU.Build.0 = Debug-NET46|Any CPU
		{6076B322-959E-46B1-AA98-ADB363B10438}.Debug-NET46|x64.ActiveCfg = Debug-NET46|Any CPU
		{6076B322-959E-46B1-AA98-ADB363B10438}.Debug-NET46|x64.Build.0 = Debug-NET46|Any CPU
		{6076B322-959E-46B1-AA98-ADB363B10438}.Debug-NET46|x86.ActiveCfg = Debug-NET46|Any CPU
		{6076B322-959E-46B1-AA98-ADB363B10438}.Debug-NET46|x86.Build.0 = Debug-NET46|Any CPU
		{6076B322-959E-46B1-AA98-ADB363B10438}.Release|Any CPU.ActiveCfg = Release|Any CPU
		{6076B322-959E-46B1-AA98-ADB363B10438}.Release|Any CPU.Build.0 = Release|Any CPU
		{6076B322-959E-46B1-AA98-ADB363B10438}.Release|x64.ActiveCfg = Release|Any CPU
		{6076B322-959E-46B1-AA98-ADB363B10438}.Release|x64.Build.0 = Release|Any CPU
		{6076B322-959E-46B1-AA98-ADB363B10438}.Release|x86.ActiveCfg = Release|Any CPU
		{6076B322-959E-46B1-AA98-ADB363B10438}.Release|x86.Build.0 = Release|Any CPU
		{6076B322-959E-46B1-AA98-ADB363B10438}.Release-NET40|Any CPU.ActiveCfg = Release-NET40|Any CPU
		{6076B322-959E-46B1-AA98-ADB363B10438}.Release-NET40|Any CPU.Build.0 = Release-NET40|Any CPU
		{6076B322-959E-46B1-AA98-ADB363B10438}.Release-NET40|x64.ActiveCfg = Release-NET40|Any CPU
		{6076B322-959E-46B1-AA98-ADB363B10438}.Release-NET40|x64.Build.0 = Release-NET40|Any CPU
		{6076B322-959E-46B1-AA98-ADB363B10438}.Release-NET40|x86.ActiveCfg = Release-NET40|Any CPU
		{6076B322-959E-46B1-AA98-ADB363B10438}.Release-NET40|x86.Build.0 = Release-NET40|Any CPU
		{6076B322-959E-46B1-AA98-ADB363B10438}.Release-NET45|Any CPU.ActiveCfg = Release-NET45|Any CPU
		{6076B322-959E-46B1-AA98-ADB363B10438}.Release-NET45|Any CPU.Build.0 = Release-NET45|Any CPU
		{6076B322-959E-46B1-AA98-ADB363B10438}.Release-NET45|x64.ActiveCfg = Release-NET45|Any CPU
		{6076B322-959E-46B1-AA98-ADB363B10438}.Release-NET45|x64.Build.0 = Release-NET45|Any CPU
		{6076B322-959E-46B1-AA98-ADB363B10438}.Release-NET45|x86.ActiveCfg = Release-NET45|Any CPU
		{6076B322-959E-46B1-AA98-ADB363B10438}.Release-NET45|x86.Build.0 = Release-NET45|Any CPU
		{6076B322-959E-46B1-AA98-ADB363B10438}.Release-NET46|Any CPU.ActiveCfg = Release-NET46|Any CPU
		{6076B322-959E-46B1-AA98-ADB363B10438}.Release-NET46|Any CPU.Build.0 = Release-NET46|Any CPU
		{6076B322-959E-46B1-AA98-ADB363B10438}.Release-NET46|x64.ActiveCfg = Release-NET46|Any CPU
		{6076B322-959E-46B1-AA98-ADB363B10438}.Release-NET46|x64.Build.0 = Release-NET46|Any CPU
		{6076B322-959E-46B1-AA98-ADB363B10438}.Release-NET46|x86.ActiveCfg = Release-NET46|Any CPU
		{6076B322-959E-46B1-AA98-ADB363B10438}.Release-NET46|x86.Build.0 = Release-NET46|Any CPU
		{177B4E6A-7482-4D77-9A31-4AF641802AE7}.Debug|Any CPU.ActiveCfg = Debug|Any CPU
		{177B4E6A-7482-4D77-9A31-4AF641802AE7}.Debug|Any CPU.Build.0 = Debug|Any CPU
		{177B4E6A-7482-4D77-9A31-4AF641802AE7}.Debug|x64.ActiveCfg = Debug|Any CPU
		{177B4E6A-7482-4D77-9A31-4AF641802AE7}.Debug|x64.Build.0 = Debug|Any CPU
		{177B4E6A-7482-4D77-9A31-4AF641802AE7}.Debug|x86.ActiveCfg = Debug|Any CPU
		{177B4E6A-7482-4D77-9A31-4AF641802AE7}.Debug|x86.Build.0 = Debug|Any CPU
		{177B4E6A-7482-4D77-9A31-4AF641802AE7}.Debug-NET40|Any CPU.ActiveCfg = Debug-NET40|Any CPU
		{177B4E6A-7482-4D77-9A31-4AF641802AE7}.Debug-NET40|Any CPU.Build.0 = Debug-NET40|Any CPU
		{177B4E6A-7482-4D77-9A31-4AF641802AE7}.Debug-NET40|x64.ActiveCfg = Debug-NET40|Any CPU
		{177B4E6A-7482-4D77-9A31-4AF641802AE7}.Debug-NET40|x64.Build.0 = Debug-NET40|Any CPU
		{177B4E6A-7482-4D77-9A31-4AF641802AE7}.Debug-NET40|x86.ActiveCfg = Debug-NET40|Any CPU
		{177B4E6A-7482-4D77-9A31-4AF641802AE7}.Debug-NET40|x86.Build.0 = Debug-NET40|Any CPU
		{177B4E6A-7482-4D77-9A31-4AF641802AE7}.Debug-NET45|Any CPU.ActiveCfg = Debug-NET45|Any CPU
		{177B4E6A-7482-4D77-9A31-4AF641802AE7}.Debug-NET45|Any CPU.Build.0 = Debug-NET45|Any CPU
		{177B4E6A-7482-4D77-9A31-4AF641802AE7}.Debug-NET45|x64.ActiveCfg = Debug-NET45|Any CPU
		{177B4E6A-7482-4D77-9A31-4AF641802AE7}.Debug-NET45|x64.Build.0 = Debug-NET45|Any CPU
		{177B4E6A-7482-4D77-9A31-4AF641802AE7}.Debug-NET45|x86.ActiveCfg = Debug-NET45|Any CPU
		{177B4E6A-7482-4D77-9A31-4AF641802AE7}.Debug-NET45|x86.Build.0 = Debug-NET45|Any CPU
		{177B4E6A-7482-4D77-9A31-4AF641802AE7}.Debug-NET46|Any CPU.ActiveCfg = Debug-NET46|Any CPU
		{177B4E6A-7482-4D77-9A31-4AF641802AE7}.Debug-NET46|Any CPU.Build.0 = Debug-NET46|Any CPU
		{177B4E6A-7482-4D77-9A31-4AF641802AE7}.Debug-NET46|x64.ActiveCfg = Debug-NET46|Any CPU
		{177B4E6A-7482-4D77-9A31-4AF641802AE7}.Debug-NET46|x64.Build.0 = Debug-NET46|Any CPU
		{177B4E6A-7482-4D77-9A31-4AF641802AE7}.Debug-NET46|x86.ActiveCfg = Debug-NET46|Any CPU
		{177B4E6A-7482-4D77-9A31-4AF641802AE7}.Debug-NET46|x86.Build.0 = Debug-NET46|Any CPU
		{177B4E6A-7482-4D77-9A31-4AF641802AE7}.Release|Any CPU.ActiveCfg = Release|Any CPU
		{177B4E6A-7482-4D77-9A31-4AF641802AE7}.Release|Any CPU.Build.0 = Release|Any CPU
		{177B4E6A-7482-4D77-9A31-4AF641802AE7}.Release|x64.ActiveCfg = Release|Any CPU
		{177B4E6A-7482-4D77-9A31-4AF641802AE7}.Release|x64.Build.0 = Release|Any CPU
		{177B4E6A-7482-4D77-9A31-4AF641802AE7}.Release|x86.ActiveCfg = Release|Any CPU
		{177B4E6A-7482-4D77-9A31-4AF641802AE7}.Release|x86.Build.0 = Release|Any CPU
		{177B4E6A-7482-4D77-9A31-4AF641802AE7}.Release-NET40|Any CPU.ActiveCfg = Release-NET40|Any CPU
		{177B4E6A-7482-4D77-9A31-4AF641802AE7}.Release-NET40|Any CPU.Build.0 = Release-NET40|Any CPU
		{177B4E6A-7482-4D77-9A31-4AF641802AE7}.Release-NET40|x64.ActiveCfg = Release-NET40|Any CPU
		{177B4E6A-7482-4D77-9A31-4AF641802AE7}.Release-NET40|x64.Build.0 = Release-NET40|Any CPU
		{177B4E6A-7482-4D77-9A31-4AF641802AE7}.Release-NET40|x86.ActiveCfg = Release-NET40|Any CPU
		{177B4E6A-7482-4D77-9A31-4AF641802AE7}.Release-NET40|x86.Build.0 = Release-NET40|Any CPU
		{177B4E6A-7482-4D77-9A31-4AF641802AE7}.Release-NET45|Any CPU.ActiveCfg = Release-NET45|Any CPU
		{177B4E6A-7482-4D77-9A31-4AF641802AE7}.Release-NET45|Any CPU.Build.0 = Release-NET45|Any CPU
		{177B4E6A-7482-4D77-9A31-4AF641802AE7}.Release-NET45|x64.ActiveCfg = Release-NET45|Any CPU
		{177B4E6A-7482-4D77-9A31-4AF641802AE7}.Release-NET45|x64.Build.0 = Release-NET45|Any CPU
		{177B4E6A-7482-4D77-9A31-4AF641802AE7}.Release-NET45|x86.ActiveCfg = Release-NET45|Any CPU
		{177B4E6A-7482-4D77-9A31-4AF641802AE7}.Release-NET45|x86.Build.0 = Release-NET45|Any CPU
		{177B4E6A-7482-4D77-9A31-4AF641802AE7}.Release-NET46|Any CPU.ActiveCfg = Release-NET46|Any CPU
		{177B4E6A-7482-4D77-9A31-4AF641802AE7}.Release-NET46|Any CPU.Build.0 = Release-NET46|Any CPU
		{177B4E6A-7482-4D77-9A31-4AF641802AE7}.Release-NET46|x64.ActiveCfg = Release-NET46|Any CPU
		{177B4E6A-7482-4D77-9A31-4AF641802AE7}.Release-NET46|x64.Build.0 = Release-NET46|Any CPU
		{177B4E6A-7482-4D77-9A31-4AF641802AE7}.Release-NET46|x86.ActiveCfg = Release-NET46|Any CPU
		{177B4E6A-7482-4D77-9A31-4AF641802AE7}.Release-NET46|x86.Build.0 = Release-NET46|Any CPU
		{11DAD9AC-DA76-4B36-8315-9AF9BA638D41}.Debug|Any CPU.ActiveCfg = Debug|Any CPU
		{11DAD9AC-DA76-4B36-8315-9AF9BA638D41}.Debug|Any CPU.Build.0 = Debug|Any CPU
		{11DAD9AC-DA76-4B36-8315-9AF9BA638D41}.Debug|x64.ActiveCfg = Debug|Any CPU
		{11DAD9AC-DA76-4B36-8315-9AF9BA638D41}.Debug|x64.Build.0 = Debug|Any CPU
		{11DAD9AC-DA76-4B36-8315-9AF9BA638D41}.Debug|x86.ActiveCfg = Debug|Any CPU
		{11DAD9AC-DA76-4B36-8315-9AF9BA638D41}.Debug|x86.Build.0 = Debug|Any CPU
		{11DAD9AC-DA76-4B36-8315-9AF9BA638D41}.Debug-NET40|Any CPU.ActiveCfg = Debug-NET40|Any CPU
		{11DAD9AC-DA76-4B36-8315-9AF9BA638D41}.Debug-NET40|Any CPU.Build.0 = Debug-NET40|Any CPU
		{11DAD9AC-DA76-4B36-8315-9AF9BA638D41}.Debug-NET40|x64.ActiveCfg = Debug-NET40|Any CPU
		{11DAD9AC-DA76-4B36-8315-9AF9BA638D41}.Debug-NET40|x64.Build.0 = Debug-NET40|Any CPU
		{11DAD9AC-DA76-4B36-8315-9AF9BA638D41}.Debug-NET40|x86.ActiveCfg = Debug-NET40|Any CPU
		{11DAD9AC-DA76-4B36-8315-9AF9BA638D41}.Debug-NET40|x86.Build.0 = Debug-NET40|Any CPU
		{11DAD9AC-DA76-4B36-8315-9AF9BA638D41}.Debug-NET45|Any CPU.ActiveCfg = Debug-NET45|Any CPU
		{11DAD9AC-DA76-4B36-8315-9AF9BA638D41}.Debug-NET45|Any CPU.Build.0 = Debug-NET45|Any CPU
		{11DAD9AC-DA76-4B36-8315-9AF9BA638D41}.Debug-NET45|x64.ActiveCfg = Debug-NET45|Any CPU
		{11DAD9AC-DA76-4B36-8315-9AF9BA638D41}.Debug-NET45|x64.Build.0 = Debug-NET45|Any CPU
		{11DAD9AC-DA76-4B36-8315-9AF9BA638D41}.Debug-NET45|x86.ActiveCfg = Debug-NET45|Any CPU
		{11DAD9AC-DA76-4B36-8315-9AF9BA638D41}.Debug-NET45|x86.Build.0 = Debug-NET45|Any CPU
		{11DAD9AC-DA76-4B36-8315-9AF9BA638D41}.Debug-NET46|Any CPU.ActiveCfg = Debug-NET46|Any CPU
		{11DAD9AC-DA76-4B36-8315-9AF9BA638D41}.Debug-NET46|Any CPU.Build.0 = Debug-NET46|Any CPU
		{11DAD9AC-DA76-4B36-8315-9AF9BA638D41}.Debug-NET46|x64.ActiveCfg = Debug-NET46|Any CPU
		{11DAD9AC-DA76-4B36-8315-9AF9BA638D41}.Debug-NET46|x64.Build.0 = Debug-NET46|Any CPU
		{11DAD9AC-DA76-4B36-8315-9AF9BA638D41}.Debug-NET46|x86.ActiveCfg = Debug-NET46|Any CPU
		{11DAD9AC-DA76-4B36-8315-9AF9BA638D41}.Debug-NET46|x86.Build.0 = Debug-NET46|Any CPU
		{11DAD9AC-DA76-4B36-8315-9AF9BA638D41}.Release|Any CPU.ActiveCfg = Release|Any CPU
		{11DAD9AC-DA76-4B36-8315-9AF9BA638D41}.Release|Any CPU.Build.0 = Release|Any CPU
		{11DAD9AC-DA76-4B36-8315-9AF9BA638D41}.Release|x64.ActiveCfg = Release|Any CPU
		{11DAD9AC-DA76-4B36-8315-9AF9BA638D41}.Release|x64.Build.0 = Release|Any CPU
		{11DAD9AC-DA76-4B36-8315-9AF9BA638D41}.Release|x86.ActiveCfg = Release|Any CPU
		{11DAD9AC-DA76-4B36-8315-9AF9BA638D41}.Release|x86.Build.0 = Release|Any CPU
		{11DAD9AC-DA76-4B36-8315-9AF9BA638D41}.Release-NET40|Any CPU.ActiveCfg = Release-NET40|Any CPU
		{11DAD9AC-DA76-4B36-8315-9AF9BA638D41}.Release-NET40|Any CPU.Build.0 = Release-NET40|Any CPU
		{11DAD9AC-DA76-4B36-8315-9AF9BA638D41}.Release-NET40|x64.ActiveCfg = Release-NET40|Any CPU
		{11DAD9AC-DA76-4B36-8315-9AF9BA638D41}.Release-NET40|x64.Build.0 = Release-NET40|Any CPU
		{11DAD9AC-DA76-4B36-8315-9AF9BA638D41}.Release-NET40|x86.ActiveCfg = Release-NET40|Any CPU
		{11DAD9AC-DA76-4B36-8315-9AF9BA638D41}.Release-NET40|x86.Build.0 = Release-NET40|Any CPU
		{11DAD9AC-DA76-4B36-8315-9AF9BA638D41}.Release-NET45|Any CPU.ActiveCfg = Release-NET45|Any CPU
		{11DAD9AC-DA76-4B36-8315-9AF9BA638D41}.Release-NET45|Any CPU.Build.0 = Release-NET45|Any CPU
		{11DAD9AC-DA76-4B36-8315-9AF9BA638D41}.Release-NET45|x64.ActiveCfg = Release-NET45|Any CPU
		{11DAD9AC-DA76-4B36-8315-9AF9BA638D41}.Release-NET45|x64.Build.0 = Release-NET45|Any CPU
		{11DAD9AC-DA76-4B36-8315-9AF9BA638D41}.Release-NET45|x86.ActiveCfg = Release-NET45|Any CPU
		{11DAD9AC-DA76-4B36-8315-9AF9BA638D41}.Release-NET45|x86.Build.0 = Release-NET45|Any CPU
		{11DAD9AC-DA76-4B36-8315-9AF9BA638D41}.Release-NET46|Any CPU.ActiveCfg = Release-NET46|Any CPU
		{11DAD9AC-DA76-4B36-8315-9AF9BA638D41}.Release-NET46|Any CPU.Build.0 = Release-NET46|Any CPU
		{11DAD9AC-DA76-4B36-8315-9AF9BA638D41}.Release-NET46|x64.ActiveCfg = Release-NET46|Any CPU
		{11DAD9AC-DA76-4B36-8315-9AF9BA638D41}.Release-NET46|x64.Build.0 = Release-NET46|Any CPU
		{11DAD9AC-DA76-4B36-8315-9AF9BA638D41}.Release-NET46|x86.ActiveCfg = Release-NET46|Any CPU
		{11DAD9AC-DA76-4B36-8315-9AF9BA638D41}.Release-NET46|x86.Build.0 = Release-NET46|Any CPU
		{2ABCDB6E-F0C9-44C1-960F-31D494EF9738}.Debug|Any CPU.ActiveCfg = Debug|Any CPU
		{2ABCDB6E-F0C9-44C1-960F-31D494EF9738}.Debug|Any CPU.Build.0 = Debug|Any CPU
		{2ABCDB6E-F0C9-44C1-960F-31D494EF9738}.Debug|x64.ActiveCfg = Debug|Any CPU
		{2ABCDB6E-F0C9-44C1-960F-31D494EF9738}.Debug|x64.Build.0 = Debug|Any CPU
		{2ABCDB6E-F0C9-44C1-960F-31D494EF9738}.Debug|x86.ActiveCfg = Debug|Any CPU
		{2ABCDB6E-F0C9-44C1-960F-31D494EF9738}.Debug|x86.Build.0 = Debug|Any CPU
		{2ABCDB6E-F0C9-44C1-960F-31D494EF9738}.Debug-NET40|Any CPU.ActiveCfg = Debug-NET40|Any CPU
		{2ABCDB6E-F0C9-44C1-960F-31D494EF9738}.Debug-NET40|Any CPU.Build.0 = Debug-NET40|Any CPU
		{2ABCDB6E-F0C9-44C1-960F-31D494EF9738}.Debug-NET40|x64.ActiveCfg = Debug-NET40|Any CPU
		{2ABCDB6E-F0C9-44C1-960F-31D494EF9738}.Debug-NET40|x64.Build.0 = Debug-NET40|Any CPU
		{2ABCDB6E-F0C9-44C1-960F-31D494EF9738}.Debug-NET40|x86.ActiveCfg = Debug-NET40|Any CPU
		{2ABCDB6E-F0C9-44C1-960F-31D494EF9738}.Debug-NET40|x86.Build.0 = Debug-NET40|Any CPU
		{2ABCDB6E-F0C9-44C1-960F-31D494EF9738}.Debug-NET45|Any CPU.ActiveCfg = Debug-NET45|Any CPU
		{2ABCDB6E-F0C9-44C1-960F-31D494EF9738}.Debug-NET45|Any CPU.Build.0 = Debug-NET45|Any CPU
		{2ABCDB6E-F0C9-44C1-960F-31D494EF9738}.Debug-NET45|x64.ActiveCfg = Debug-NET45|Any CPU
		{2ABCDB6E-F0C9-44C1-960F-31D494EF9738}.Debug-NET45|x64.Build.0 = Debug-NET45|Any CPU
		{2ABCDB6E-F0C9-44C1-960F-31D494EF9738}.Debug-NET45|x86.ActiveCfg = Debug-NET45|Any CPU
		{2ABCDB6E-F0C9-44C1-960F-31D494EF9738}.Debug-NET45|x86.Build.0 = Debug-NET45|Any CPU
		{2ABCDB6E-F0C9-44C1-960F-31D494EF9738}.Debug-NET46|Any CPU.ActiveCfg = Debug-NET46|Any CPU
		{2ABCDB6E-F0C9-44C1-960F-31D494EF9738}.Debug-NET46|Any CPU.Build.0 = Debug-NET46|Any CPU
		{2ABCDB6E-F0C9-44C1-960F-31D494EF9738}.Debug-NET46|x64.ActiveCfg = Debug-NET46|Any CPU
		{2ABCDB6E-F0C9-44C1-960F-31D494EF9738}.Debug-NET46|x64.Build.0 = Debug-NET46|Any CPU
		{2ABCDB6E-F0C9-44C1-960F-31D494EF9738}.Debug-NET46|x86.ActiveCfg = Debug-NET46|Any CPU
		{2ABCDB6E-F0C9-44C1-960F-31D494EF9738}.Debug-NET46|x86.Build.0 = Debug-NET46|Any CPU
		{2ABCDB6E-F0C9-44C1-960F-31D494EF9738}.Release|Any CPU.ActiveCfg = Release|Any CPU
		{2ABCDB6E-F0C9-44C1-960F-31D494EF9738}.Release|Any CPU.Build.0 = Release|Any CPU
		{2ABCDB6E-F0C9-44C1-960F-31D494EF9738}.Release|x64.ActiveCfg = Release|Any CPU
		{2ABCDB6E-F0C9-44C1-960F-31D494EF9738}.Release|x64.Build.0 = Release|Any CPU
		{2ABCDB6E-F0C9-44C1-960F-31D494EF9738}.Release|x86.ActiveCfg = Release|Any CPU
		{2ABCDB6E-F0C9-44C1-960F-31D494EF9738}.Release|x86.Build.0 = Release|Any CPU
		{2ABCDB6E-F0C9-44C1-960F-31D494EF9738}.Release-NET40|Any CPU.ActiveCfg = Release-NET40|Any CPU
		{2ABCDB6E-F0C9-44C1-960F-31D494EF9738}.Release-NET40|Any CPU.Build.0 = Release-NET40|Any CPU
		{2ABCDB6E-F0C9-44C1-960F-31D494EF9738}.Release-NET40|x64.ActiveCfg = Release-NET40|Any CPU
		{2ABCDB6E-F0C9-44C1-960F-31D494EF9738}.Release-NET40|x64.Build.0 = Release-NET40|Any CPU
		{2ABCDB6E-F0C9-44C1-960F-31D494EF9738}.Release-NET40|x86.ActiveCfg = Release-NET40|Any CPU
		{2ABCDB6E-F0C9-44C1-960F-31D494EF9738}.Release-NET40|x86.Build.0 = Release-NET40|Any CPU
		{2ABCDB6E-F0C9-44C1-960F-31D494EF9738}.Release-NET45|Any CPU.ActiveCfg = Release-NET45|Any CPU
		{2ABCDB6E-F0C9-44C1-960F-31D494EF9738}.Release-NET45|Any CPU.Build.0 = Release-NET45|Any CPU
		{2ABCDB6E-F0C9-44C1-960F-31D494EF9738}.Release-NET45|x64.ActiveCfg = Release-NET45|Any CPU
		{2ABCDB6E-F0C9-44C1-960F-31D494EF9738}.Release-NET45|x64.Build.0 = Release-NET45|Any CPU
		{2ABCDB6E-F0C9-44C1-960F-31D494EF9738}.Release-NET45|x86.ActiveCfg = Release-NET45|Any CPU
		{2ABCDB6E-F0C9-44C1-960F-31D494EF9738}.Release-NET45|x86.Build.0 = Release-NET45|Any CPU
		{2ABCDB6E-F0C9-44C1-960F-31D494EF9738}.Release-NET46|Any CPU.ActiveCfg = Release-NET46|Any CPU
		{2ABCDB6E-F0C9-44C1-960F-31D494EF9738}.Release-NET46|Any CPU.Build.0 = Release-NET46|Any CPU
		{2ABCDB6E-F0C9-44C1-960F-31D494EF9738}.Release-NET46|x64.ActiveCfg = Release-NET46|Any CPU
		{2ABCDB6E-F0C9-44C1-960F-31D494EF9738}.Release-NET46|x64.Build.0 = Release-NET46|Any CPU
		{2ABCDB6E-F0C9-44C1-960F-31D494EF9738}.Release-NET46|x86.ActiveCfg = Release-NET46|Any CPU
		{2ABCDB6E-F0C9-44C1-960F-31D494EF9738}.Release-NET46|x86.Build.0 = Release-NET46|Any CPU
		{17F707AF-855C-416C-A55E-DFF6FF92FC30}.Debug|Any CPU.ActiveCfg = Debug|Any CPU
		{17F707AF-855C-416C-A55E-DFF6FF92FC30}.Debug|Any CPU.Build.0 = Debug|Any CPU
		{17F707AF-855C-416C-A55E-DFF6FF92FC30}.Debug|x64.ActiveCfg = Debug|Any CPU
		{17F707AF-855C-416C-A55E-DFF6FF92FC30}.Debug|x64.Build.0 = Debug|Any CPU
		{17F707AF-855C-416C-A55E-DFF6FF92FC30}.Debug|x86.ActiveCfg = Debug|Any CPU
		{17F707AF-855C-416C-A55E-DFF6FF92FC30}.Debug|x86.Build.0 = Debug|Any CPU
		{17F707AF-855C-416C-A55E-DFF6FF92FC30}.Debug-NET40|Any CPU.ActiveCfg = Debug-NET40|Any CPU
		{17F707AF-855C-416C-A55E-DFF6FF92FC30}.Debug-NET40|Any CPU.Build.0 = Debug-NET40|Any CPU
		{17F707AF-855C-416C-A55E-DFF6FF92FC30}.Debug-NET40|x64.ActiveCfg = Debug-NET40|Any CPU
		{17F707AF-855C-416C-A55E-DFF6FF92FC30}.Debug-NET40|x64.Build.0 = Debug-NET40|Any CPU
		{17F707AF-855C-416C-A55E-DFF6FF92FC30}.Debug-NET40|x86.ActiveCfg = Debug-NET40|Any CPU
		{17F707AF-855C-416C-A55E-DFF6FF92FC30}.Debug-NET40|x86.Build.0 = Debug-NET40|Any CPU
		{17F707AF-855C-416C-A55E-DFF6FF92FC30}.Debug-NET45|Any CPU.ActiveCfg = Debug-NET45|Any CPU
		{17F707AF-855C-416C-A55E-DFF6FF92FC30}.Debug-NET45|Any CPU.Build.0 = Debug-NET45|Any CPU
		{17F707AF-855C-416C-A55E-DFF6FF92FC30}.Debug-NET45|x64.ActiveCfg = Debug-NET45|Any CPU
		{17F707AF-855C-416C-A55E-DFF6FF92FC30}.Debug-NET45|x64.Build.0 = Debug-NET45|Any CPU
		{17F707AF-855C-416C-A55E-DFF6FF92FC30}.Debug-NET45|x86.ActiveCfg = Debug-NET45|Any CPU
		{17F707AF-855C-416C-A55E-DFF6FF92FC30}.Debug-NET45|x86.Build.0 = Debug-NET45|Any CPU
		{17F707AF-855C-416C-A55E-DFF6FF92FC30}.Debug-NET46|Any CPU.ActiveCfg = Debug-NET46|Any CPU
		{17F707AF-855C-416C-A55E-DFF6FF92FC30}.Debug-NET46|Any CPU.Build.0 = Debug-NET46|Any CPU
		{17F707AF-855C-416C-A55E-DFF6FF92FC30}.Debug-NET46|x64.ActiveCfg = Debug-NET46|Any CPU
		{17F707AF-855C-416C-A55E-DFF6FF92FC30}.Debug-NET46|x64.Build.0 = Debug-NET46|Any CPU
		{17F707AF-855C-416C-A55E-DFF6FF92FC30}.Debug-NET46|x86.ActiveCfg = Debug-NET46|Any CPU
		{17F707AF-855C-416C-A55E-DFF6FF92FC30}.Debug-NET46|x86.Build.0 = Debug-NET46|Any CPU
		{17F707AF-855C-416C-A55E-DFF6FF92FC30}.Release|Any CPU.ActiveCfg = Release|Any CPU
		{17F707AF-855C-416C-A55E-DFF6FF92FC30}.Release|Any CPU.Build.0 = Release|Any CPU
		{17F707AF-855C-416C-A55E-DFF6FF92FC30}.Release|x64.ActiveCfg = Release|Any CPU
		{17F707AF-855C-416C-A55E-DFF6FF92FC30}.Release|x64.Build.0 = Release|Any CPU
		{17F707AF-855C-416C-A55E-DFF6FF92FC30}.Release|x86.ActiveCfg = Release|Any CPU
		{17F707AF-855C-416C-A55E-DFF6FF92FC30}.Release|x86.Build.0 = Release|Any CPU
		{17F707AF-855C-416C-A55E-DFF6FF92FC30}.Release-NET40|Any CPU.ActiveCfg = Release-NET40|Any CPU
		{17F707AF-855C-416C-A55E-DFF6FF92FC30}.Release-NET40|Any CPU.Build.0 = Release-NET40|Any CPU
		{17F707AF-855C-416C-A55E-DFF6FF92FC30}.Release-NET40|x64.ActiveCfg = Release-NET40|Any CPU
		{17F707AF-855C-416C-A55E-DFF6FF92FC30}.Release-NET40|x64.Build.0 = Release-NET40|Any CPU
		{17F707AF-855C-416C-A55E-DFF6FF92FC30}.Release-NET40|x86.ActiveCfg = Release-NET40|Any CPU
		{17F707AF-855C-416C-A55E-DFF6FF92FC30}.Release-NET40|x86.Build.0 = Release-NET40|Any CPU
		{17F707AF-855C-416C-A55E-DFF6FF92FC30}.Release-NET45|Any CPU.ActiveCfg = Release-NET45|Any CPU
		{17F707AF-855C-416C-A55E-DFF6FF92FC30}.Release-NET45|Any CPU.Build.0 = Release-NET45|Any CPU
		{17F707AF-855C-416C-A55E-DFF6FF92FC30}.Release-NET45|x64.ActiveCfg = Release-NET45|Any CPU
		{17F707AF-855C-416C-A55E-DFF6FF92FC30}.Release-NET45|x64.Build.0 = Release-NET45|Any CPU
		{17F707AF-855C-416C-A55E-DFF6FF92FC30}.Release-NET45|x86.ActiveCfg = Release-NET45|Any CPU
		{17F707AF-855C-416C-A55E-DFF6FF92FC30}.Release-NET45|x86.Build.0 = Release-NET45|Any CPU
		{17F707AF-855C-416C-A55E-DFF6FF92FC30}.Release-NET46|Any CPU.ActiveCfg = Release-NET46|Any CPU
		{17F707AF-855C-416C-A55E-DFF6FF92FC30}.Release-NET46|Any CPU.Build.0 = Release-NET46|Any CPU
		{17F707AF-855C-416C-A55E-DFF6FF92FC30}.Release-NET46|x64.ActiveCfg = Release-NET46|Any CPU
		{17F707AF-855C-416C-A55E-DFF6FF92FC30}.Release-NET46|x64.Build.0 = Release-NET46|Any CPU
		{17F707AF-855C-416C-A55E-DFF6FF92FC30}.Release-NET46|x86.ActiveCfg = Release-NET46|Any CPU
		{17F707AF-855C-416C-A55E-DFF6FF92FC30}.Release-NET46|x86.Build.0 = Release-NET46|Any CPU
		{BA9B9213-0D44-4913-94C5-5DC6C0172B31}.Debug|Any CPU.ActiveCfg = Debug|Any CPU
		{BA9B9213-0D44-4913-94C5-5DC6C0172B31}.Debug|Any CPU.Build.0 = Debug|Any CPU
		{BA9B9213-0D44-4913-94C5-5DC6C0172B31}.Debug|x64.ActiveCfg = Debug|Any CPU
		{BA9B9213-0D44-4913-94C5-5DC6C0172B31}.Debug|x64.Build.0 = Debug|Any CPU
		{BA9B9213-0D44-4913-94C5-5DC6C0172B31}.Debug|x86.ActiveCfg = Debug|Any CPU
		{BA9B9213-0D44-4913-94C5-5DC6C0172B31}.Debug|x86.Build.0 = Debug|Any CPU
		{BA9B9213-0D44-4913-94C5-5DC6C0172B31}.Debug-NET40|Any CPU.ActiveCfg = Debug-NET40|Any CPU
		{BA9B9213-0D44-4913-94C5-5DC6C0172B31}.Debug-NET40|Any CPU.Build.0 = Debug-NET40|Any CPU
		{BA9B9213-0D44-4913-94C5-5DC6C0172B31}.Debug-NET40|x64.ActiveCfg = Debug-NET40|Any CPU
		{BA9B9213-0D44-4913-94C5-5DC6C0172B31}.Debug-NET40|x64.Build.0 = Debug-NET40|Any CPU
		{BA9B9213-0D44-4913-94C5-5DC6C0172B31}.Debug-NET40|x86.ActiveCfg = Debug-NET40|Any CPU
		{BA9B9213-0D44-4913-94C5-5DC6C0172B31}.Debug-NET40|x86.Build.0 = Debug-NET40|Any CPU
		{BA9B9213-0D44-4913-94C5-5DC6C0172B31}.Debug-NET45|Any CPU.ActiveCfg = Debug-NET45|Any CPU
		{BA9B9213-0D44-4913-94C5-5DC6C0172B31}.Debug-NET45|Any CPU.Build.0 = Debug-NET45|Any CPU
		{BA9B9213-0D44-4913-94C5-5DC6C0172B31}.Debug-NET45|x64.ActiveCfg = Debug|Any CPU
		{BA9B9213-0D44-4913-94C5-5DC6C0172B31}.Debug-NET45|x64.Build.0 = Debug|Any CPU
		{BA9B9213-0D44-4913-94C5-5DC6C0172B31}.Debug-NET45|x86.ActiveCfg = Debug|Any CPU
		{BA9B9213-0D44-4913-94C5-5DC6C0172B31}.Debug-NET45|x86.Build.0 = Debug|Any CPU
		{BA9B9213-0D44-4913-94C5-5DC6C0172B31}.Debug-NET46|Any CPU.ActiveCfg = Debug-NET46|Any CPU
		{BA9B9213-0D44-4913-94C5-5DC6C0172B31}.Debug-NET46|Any CPU.Build.0 = Debug-NET46|Any CPU
		{BA9B9213-0D44-4913-94C5-5DC6C0172B31}.Debug-NET46|x64.ActiveCfg = Debug|Any CPU
		{BA9B9213-0D44-4913-94C5-5DC6C0172B31}.Debug-NET46|x64.Build.0 = Debug|Any CPU
		{BA9B9213-0D44-4913-94C5-5DC6C0172B31}.Debug-NET46|x86.ActiveCfg = Debug|Any CPU
		{BA9B9213-0D44-4913-94C5-5DC6C0172B31}.Debug-NET46|x86.Build.0 = Debug|Any CPU
		{BA9B9213-0D44-4913-94C5-5DC6C0172B31}.Release|Any CPU.ActiveCfg = Release|Any CPU
		{BA9B9213-0D44-4913-94C5-5DC6C0172B31}.Release|Any CPU.Build.0 = Release|Any CPU
		{BA9B9213-0D44-4913-94C5-5DC6C0172B31}.Release|x64.ActiveCfg = Release|Any CPU
		{BA9B9213-0D44-4913-94C5-5DC6C0172B31}.Release|x64.Build.0 = Release|Any CPU
		{BA9B9213-0D44-4913-94C5-5DC6C0172B31}.Release|x86.ActiveCfg = Release|Any CPU
		{BA9B9213-0D44-4913-94C5-5DC6C0172B31}.Release|x86.Build.0 = Release|Any CPU
		{BA9B9213-0D44-4913-94C5-5DC6C0172B31}.Release-NET40|Any CPU.ActiveCfg = Release-NET40|Any CPU
		{BA9B9213-0D44-4913-94C5-5DC6C0172B31}.Release-NET40|Any CPU.Build.0 = Release-NET40|Any CPU
		{BA9B9213-0D44-4913-94C5-5DC6C0172B31}.Release-NET40|x64.ActiveCfg = Release-NET40|Any CPU
		{BA9B9213-0D44-4913-94C5-5DC6C0172B31}.Release-NET40|x64.Build.0 = Release-NET40|Any CPU
		{BA9B9213-0D44-4913-94C5-5DC6C0172B31}.Release-NET40|x86.ActiveCfg = Release-NET40|Any CPU
		{BA9B9213-0D44-4913-94C5-5DC6C0172B31}.Release-NET40|x86.Build.0 = Release-NET40|Any CPU
		{BA9B9213-0D44-4913-94C5-5DC6C0172B31}.Release-NET45|Any CPU.ActiveCfg = Release-NET45|Any CPU
		{BA9B9213-0D44-4913-94C5-5DC6C0172B31}.Release-NET45|Any CPU.Build.0 = Release-NET45|Any CPU
		{BA9B9213-0D44-4913-94C5-5DC6C0172B31}.Release-NET45|x64.ActiveCfg = Release|Any CPU
		{BA9B9213-0D44-4913-94C5-5DC6C0172B31}.Release-NET45|x64.Build.0 = Release|Any CPU
		{BA9B9213-0D44-4913-94C5-5DC6C0172B31}.Release-NET45|x86.ActiveCfg = Release|Any CPU
		{BA9B9213-0D44-4913-94C5-5DC6C0172B31}.Release-NET45|x86.Build.0 = Release|Any CPU
		{BA9B9213-0D44-4913-94C5-5DC6C0172B31}.Release-NET46|Any CPU.ActiveCfg = Release-NET46|Any CPU
		{BA9B9213-0D44-4913-94C5-5DC6C0172B31}.Release-NET46|Any CPU.Build.0 = Release-NET46|Any CPU
		{BA9B9213-0D44-4913-94C5-5DC6C0172B31}.Release-NET46|x64.ActiveCfg = Release|Any CPU
		{BA9B9213-0D44-4913-94C5-5DC6C0172B31}.Release-NET46|x64.Build.0 = Release|Any CPU
		{BA9B9213-0D44-4913-94C5-5DC6C0172B31}.Release-NET46|x86.ActiveCfg = Release|Any CPU
		{BA9B9213-0D44-4913-94C5-5DC6C0172B31}.Release-NET46|x86.Build.0 = Release|Any CPU
		{81CA0ABB-8E13-4E53-99B6-56BAAF2F7BD9}.Debug|Any CPU.ActiveCfg = Debug|Any CPU
		{81CA0ABB-8E13-4E53-99B6-56BAAF2F7BD9}.Debug|Any CPU.Build.0 = Debug|Any CPU
		{81CA0ABB-8E13-4E53-99B6-56BAAF2F7BD9}.Debug|x64.ActiveCfg = Debug|Any CPU
		{81CA0ABB-8E13-4E53-99B6-56BAAF2F7BD9}.Debug|x64.Build.0 = Debug|Any CPU
		{81CA0ABB-8E13-4E53-99B6-56BAAF2F7BD9}.Debug|x86.ActiveCfg = Debug|Any CPU
		{81CA0ABB-8E13-4E53-99B6-56BAAF2F7BD9}.Debug|x86.Build.0 = Debug|Any CPU
		{81CA0ABB-8E13-4E53-99B6-56BAAF2F7BD9}.Debug-NET40|Any CPU.ActiveCfg = Debug-NET40|Any CPU
		{81CA0ABB-8E13-4E53-99B6-56BAAF2F7BD9}.Debug-NET40|Any CPU.Build.0 = Debug-NET40|Any CPU
		{81CA0ABB-8E13-4E53-99B6-56BAAF2F7BD9}.Debug-NET40|x64.ActiveCfg = Debug-NET40|Any CPU
		{81CA0ABB-8E13-4E53-99B6-56BAAF2F7BD9}.Debug-NET40|x64.Build.0 = Debug-NET40|Any CPU
		{81CA0ABB-8E13-4E53-99B6-56BAAF2F7BD9}.Debug-NET40|x86.ActiveCfg = Debug-NET40|Any CPU
		{81CA0ABB-8E13-4E53-99B6-56BAAF2F7BD9}.Debug-NET40|x86.Build.0 = Debug-NET40|Any CPU
		{81CA0ABB-8E13-4E53-99B6-56BAAF2F7BD9}.Debug-NET45|Any CPU.ActiveCfg = Debug-NET45|Any CPU
		{81CA0ABB-8E13-4E53-99B6-56BAAF2F7BD9}.Debug-NET45|Any CPU.Build.0 = Debug-NET45|Any CPU
		{81CA0ABB-8E13-4E53-99B6-56BAAF2F7BD9}.Debug-NET45|x64.ActiveCfg = Debug-NET45|Any CPU
		{81CA0ABB-8E13-4E53-99B6-56BAAF2F7BD9}.Debug-NET45|x64.Build.0 = Debug-NET45|Any CPU
		{81CA0ABB-8E13-4E53-99B6-56BAAF2F7BD9}.Debug-NET45|x86.ActiveCfg = Debug-NET45|Any CPU
		{81CA0ABB-8E13-4E53-99B6-56BAAF2F7BD9}.Debug-NET45|x86.Build.0 = Debug-NET45|Any CPU
		{81CA0ABB-8E13-4E53-99B6-56BAAF2F7BD9}.Debug-NET46|Any CPU.ActiveCfg = Debug-NET46|Any CPU
		{81CA0ABB-8E13-4E53-99B6-56BAAF2F7BD9}.Debug-NET46|Any CPU.Build.0 = Debug-NET46|Any CPU
		{81CA0ABB-8E13-4E53-99B6-56BAAF2F7BD9}.Debug-NET46|x64.ActiveCfg = Debug-NET46|Any CPU
		{81CA0ABB-8E13-4E53-99B6-56BAAF2F7BD9}.Debug-NET46|x64.Build.0 = Debug-NET46|Any CPU
		{81CA0ABB-8E13-4E53-99B6-56BAAF2F7BD9}.Debug-NET46|x86.ActiveCfg = Debug-NET46|Any CPU
		{81CA0ABB-8E13-4E53-99B6-56BAAF2F7BD9}.Debug-NET46|x86.Build.0 = Debug-NET46|Any CPU
		{81CA0ABB-8E13-4E53-99B6-56BAAF2F7BD9}.Release|Any CPU.ActiveCfg = Release|Any CPU
		{81CA0ABB-8E13-4E53-99B6-56BAAF2F7BD9}.Release|Any CPU.Build.0 = Release|Any CPU
		{81CA0ABB-8E13-4E53-99B6-56BAAF2F7BD9}.Release|x64.ActiveCfg = Release|Any CPU
		{81CA0ABB-8E13-4E53-99B6-56BAAF2F7BD9}.Release|x64.Build.0 = Release|Any CPU
		{81CA0ABB-8E13-4E53-99B6-56BAAF2F7BD9}.Release|x86.ActiveCfg = Release|Any CPU
		{81CA0ABB-8E13-4E53-99B6-56BAAF2F7BD9}.Release|x86.Build.0 = Release|Any CPU
		{81CA0ABB-8E13-4E53-99B6-56BAAF2F7BD9}.Release-NET40|Any CPU.ActiveCfg = Release-NET40|Any CPU
		{81CA0ABB-8E13-4E53-99B6-56BAAF2F7BD9}.Release-NET40|Any CPU.Build.0 = Release-NET40|Any CPU
		{81CA0ABB-8E13-4E53-99B6-56BAAF2F7BD9}.Release-NET40|x64.ActiveCfg = Release-NET40|Any CPU
		{81CA0ABB-8E13-4E53-99B6-56BAAF2F7BD9}.Release-NET40|x64.Build.0 = Release-NET40|Any CPU
		{81CA0ABB-8E13-4E53-99B6-56BAAF2F7BD9}.Release-NET40|x86.ActiveCfg = Release-NET40|Any CPU
		{81CA0ABB-8E13-4E53-99B6-56BAAF2F7BD9}.Release-NET40|x86.Build.0 = Release-NET40|Any CPU
		{81CA0ABB-8E13-4E53-99B6-56BAAF2F7BD9}.Release-NET45|Any CPU.ActiveCfg = Release-NET45|Any CPU
		{81CA0ABB-8E13-4E53-99B6-56BAAF2F7BD9}.Release-NET45|Any CPU.Build.0 = Release-NET45|Any CPU
		{81CA0ABB-8E13-4E53-99B6-56BAAF2F7BD9}.Release-NET45|x64.ActiveCfg = Release-NET45|Any CPU
		{81CA0ABB-8E13-4E53-99B6-56BAAF2F7BD9}.Release-NET45|x64.Build.0 = Release-NET45|Any CPU
		{81CA0ABB-8E13-4E53-99B6-56BAAF2F7BD9}.Release-NET45|x86.ActiveCfg = Release-NET45|Any CPU
		{81CA0ABB-8E13-4E53-99B6-56BAAF2F7BD9}.Release-NET45|x86.Build.0 = Release-NET45|Any CPU
		{81CA0ABB-8E13-4E53-99B6-56BAAF2F7BD9}.Release-NET46|Any CPU.ActiveCfg = Release-NET46|Any CPU
		{81CA0ABB-8E13-4E53-99B6-56BAAF2F7BD9}.Release-NET46|Any CPU.Build.0 = Release-NET46|Any CPU
		{81CA0ABB-8E13-4E53-99B6-56BAAF2F7BD9}.Release-NET46|x64.ActiveCfg = Release-NET46|Any CPU
		{81CA0ABB-8E13-4E53-99B6-56BAAF2F7BD9}.Release-NET46|x64.Build.0 = Release-NET46|Any CPU
		{81CA0ABB-8E13-4E53-99B6-56BAAF2F7BD9}.Release-NET46|x86.ActiveCfg = Release-NET46|Any CPU
		{81CA0ABB-8E13-4E53-99B6-56BAAF2F7BD9}.Release-NET46|x86.Build.0 = Release-NET46|Any CPU
		{3EF36E8F-C456-4BAF-9E46-1EAAF3FB738E}.Debug|Any CPU.ActiveCfg = Debug|Any CPU
		{3EF36E8F-C456-4BAF-9E46-1EAAF3FB738E}.Debug|Any CPU.Build.0 = Debug|Any CPU
		{3EF36E8F-C456-4BAF-9E46-1EAAF3FB738E}.Debug|x64.ActiveCfg = Debug|Any CPU
		{3EF36E8F-C456-4BAF-9E46-1EAAF3FB738E}.Debug|x64.Build.0 = Debug|Any CPU
		{3EF36E8F-C456-4BAF-9E46-1EAAF3FB738E}.Debug|x86.ActiveCfg = Debug|Any CPU
		{3EF36E8F-C456-4BAF-9E46-1EAAF3FB738E}.Debug|x86.Build.0 = Debug|Any CPU
		{3EF36E8F-C456-4BAF-9E46-1EAAF3FB738E}.Debug-NET40|Any CPU.ActiveCfg = Debug-NET40|Any CPU
		{3EF36E8F-C456-4BAF-9E46-1EAAF3FB738E}.Debug-NET40|Any CPU.Build.0 = Debug-NET40|Any CPU
		{3EF36E8F-C456-4BAF-9E46-1EAAF3FB738E}.Debug-NET40|x64.ActiveCfg = Debug-NET40|Any CPU
		{3EF36E8F-C456-4BAF-9E46-1EAAF3FB738E}.Debug-NET40|x64.Build.0 = Debug-NET40|Any CPU
		{3EF36E8F-C456-4BAF-9E46-1EAAF3FB738E}.Debug-NET40|x86.ActiveCfg = Debug-NET40|Any CPU
		{3EF36E8F-C456-4BAF-9E46-1EAAF3FB738E}.Debug-NET40|x86.Build.0 = Debug-NET40|Any CPU
		{3EF36E8F-C456-4BAF-9E46-1EAAF3FB738E}.Debug-NET45|Any CPU.ActiveCfg = Debug-NET45|Any CPU
		{3EF36E8F-C456-4BAF-9E46-1EAAF3FB738E}.Debug-NET45|Any CPU.Build.0 = Debug-NET45|Any CPU
		{3EF36E8F-C456-4BAF-9E46-1EAAF3FB738E}.Debug-NET45|x64.ActiveCfg = Debug|Any CPU
		{3EF36E8F-C456-4BAF-9E46-1EAAF3FB738E}.Debug-NET45|x64.Build.0 = Debug|Any CPU
		{3EF36E8F-C456-4BAF-9E46-1EAAF3FB738E}.Debug-NET45|x86.ActiveCfg = Debug|Any CPU
		{3EF36E8F-C456-4BAF-9E46-1EAAF3FB738E}.Debug-NET45|x86.Build.0 = Debug|Any CPU
		{3EF36E8F-C456-4BAF-9E46-1EAAF3FB738E}.Debug-NET46|Any CPU.ActiveCfg = Debug-NET46|Any CPU
		{3EF36E8F-C456-4BAF-9E46-1EAAF3FB738E}.Debug-NET46|Any CPU.Build.0 = Debug-NET46|Any CPU
		{3EF36E8F-C456-4BAF-9E46-1EAAF3FB738E}.Debug-NET46|x64.ActiveCfg = Debug|Any CPU
		{3EF36E8F-C456-4BAF-9E46-1EAAF3FB738E}.Debug-NET46|x64.Build.0 = Debug|Any CPU
		{3EF36E8F-C456-4BAF-9E46-1EAAF3FB738E}.Debug-NET46|x86.ActiveCfg = Debug|Any CPU
		{3EF36E8F-C456-4BAF-9E46-1EAAF3FB738E}.Debug-NET46|x86.Build.0 = Debug|Any CPU
		{3EF36E8F-C456-4BAF-9E46-1EAAF3FB738E}.Release|Any CPU.ActiveCfg = Release|Any CPU
		{3EF36E8F-C456-4BAF-9E46-1EAAF3FB738E}.Release|Any CPU.Build.0 = Release|Any CPU
		{3EF36E8F-C456-4BAF-9E46-1EAAF3FB738E}.Release|x64.ActiveCfg = Release|Any CPU
		{3EF36E8F-C456-4BAF-9E46-1EAAF3FB738E}.Release|x64.Build.0 = Release|Any CPU
		{3EF36E8F-C456-4BAF-9E46-1EAAF3FB738E}.Release|x86.ActiveCfg = Release|Any CPU
		{3EF36E8F-C456-4BAF-9E46-1EAAF3FB738E}.Release|x86.Build.0 = Release|Any CPU
		{3EF36E8F-C456-4BAF-9E46-1EAAF3FB738E}.Release-NET40|Any CPU.ActiveCfg = Release-NET40|Any CPU
		{3EF36E8F-C456-4BAF-9E46-1EAAF3FB738E}.Release-NET40|Any CPU.Build.0 = Release-NET40|Any CPU
		{3EF36E8F-C456-4BAF-9E46-1EAAF3FB738E}.Release-NET40|x64.ActiveCfg = Release-NET40|Any CPU
		{3EF36E8F-C456-4BAF-9E46-1EAAF3FB738E}.Release-NET40|x64.Build.0 = Release-NET40|Any CPU
		{3EF36E8F-C456-4BAF-9E46-1EAAF3FB738E}.Release-NET40|x86.ActiveCfg = Release-NET40|Any CPU
		{3EF36E8F-C456-4BAF-9E46-1EAAF3FB738E}.Release-NET40|x86.Build.0 = Release-NET40|Any CPU
		{3EF36E8F-C456-4BAF-9E46-1EAAF3FB738E}.Release-NET45|Any CPU.ActiveCfg = Release-NET45|Any CPU
		{3EF36E8F-C456-4BAF-9E46-1EAAF3FB738E}.Release-NET45|Any CPU.Build.0 = Release-NET45|Any CPU
		{3EF36E8F-C456-4BAF-9E46-1EAAF3FB738E}.Release-NET45|x64.ActiveCfg = Release|Any CPU
		{3EF36E8F-C456-4BAF-9E46-1EAAF3FB738E}.Release-NET45|x64.Build.0 = Release|Any CPU
		{3EF36E8F-C456-4BAF-9E46-1EAAF3FB738E}.Release-NET45|x86.ActiveCfg = Release|Any CPU
		{3EF36E8F-C456-4BAF-9E46-1EAAF3FB738E}.Release-NET45|x86.Build.0 = Release|Any CPU
		{3EF36E8F-C456-4BAF-9E46-1EAAF3FB738E}.Release-NET46|Any CPU.ActiveCfg = Release-NET46|Any CPU
		{3EF36E8F-C456-4BAF-9E46-1EAAF3FB738E}.Release-NET46|Any CPU.Build.0 = Release-NET46|Any CPU
		{3EF36E8F-C456-4BAF-9E46-1EAAF3FB738E}.Release-NET46|x64.ActiveCfg = Release|Any CPU
		{3EF36E8F-C456-4BAF-9E46-1EAAF3FB738E}.Release-NET46|x64.Build.0 = Release|Any CPU
		{3EF36E8F-C456-4BAF-9E46-1EAAF3FB738E}.Release-NET46|x86.ActiveCfg = Release|Any CPU
		{3EF36E8F-C456-4BAF-9E46-1EAAF3FB738E}.Release-NET46|x86.Build.0 = Release|Any CPU
		{B3C054D6-679A-49C4-9902-CADCCF20D5F6}.Debug|Any CPU.ActiveCfg = Debug|Any CPU
		{B3C054D6-679A-49C4-9902-CADCCF20D5F6}.Debug|Any CPU.Build.0 = Debug|Any CPU
		{B3C054D6-679A-49C4-9902-CADCCF20D5F6}.Debug|x64.ActiveCfg = Debug|Any CPU
		{B3C054D6-679A-49C4-9902-CADCCF20D5F6}.Debug|x64.Build.0 = Debug|Any CPU
		{B3C054D6-679A-49C4-9902-CADCCF20D5F6}.Debug|x86.ActiveCfg = Debug|Any CPU
		{B3C054D6-679A-49C4-9902-CADCCF20D5F6}.Debug|x86.Build.0 = Debug|Any CPU
		{B3C054D6-679A-49C4-9902-CADCCF20D5F6}.Debug-NET40|Any CPU.ActiveCfg = Debug-NET40|Any CPU
		{B3C054D6-679A-49C4-9902-CADCCF20D5F6}.Debug-NET40|Any CPU.Build.0 = Debug-NET40|Any CPU
		{B3C054D6-679A-49C4-9902-CADCCF20D5F6}.Debug-NET40|x64.ActiveCfg = Debug-NET40|Any CPU
		{B3C054D6-679A-49C4-9902-CADCCF20D5F6}.Debug-NET40|x64.Build.0 = Debug-NET40|Any CPU
		{B3C054D6-679A-49C4-9902-CADCCF20D5F6}.Debug-NET40|x86.ActiveCfg = Debug-NET40|Any CPU
		{B3C054D6-679A-49C4-9902-CADCCF20D5F6}.Debug-NET40|x86.Build.0 = Debug-NET40|Any CPU
		{B3C054D6-679A-49C4-9902-CADCCF20D5F6}.Debug-NET45|Any CPU.ActiveCfg = Debug-NET45|Any CPU
		{B3C054D6-679A-49C4-9902-CADCCF20D5F6}.Debug-NET45|Any CPU.Build.0 = Debug-NET45|Any CPU
		{B3C054D6-679A-49C4-9902-CADCCF20D5F6}.Debug-NET45|x64.ActiveCfg = Debug|Any CPU
		{B3C054D6-679A-49C4-9902-CADCCF20D5F6}.Debug-NET45|x64.Build.0 = Debug|Any CPU
		{B3C054D6-679A-49C4-9902-CADCCF20D5F6}.Debug-NET45|x86.ActiveCfg = Debug|Any CPU
		{B3C054D6-679A-49C4-9902-CADCCF20D5F6}.Debug-NET45|x86.Build.0 = Debug|Any CPU
		{B3C054D6-679A-49C4-9902-CADCCF20D5F6}.Debug-NET46|Any CPU.ActiveCfg = Debug-NET46|Any CPU
		{B3C054D6-679A-49C4-9902-CADCCF20D5F6}.Debug-NET46|Any CPU.Build.0 = Debug-NET46|Any CPU
		{B3C054D6-679A-49C4-9902-CADCCF20D5F6}.Debug-NET46|x64.ActiveCfg = Debug|Any CPU
		{B3C054D6-679A-49C4-9902-CADCCF20D5F6}.Debug-NET46|x64.Build.0 = Debug|Any CPU
		{B3C054D6-679A-49C4-9902-CADCCF20D5F6}.Debug-NET46|x86.ActiveCfg = Debug|Any CPU
		{B3C054D6-679A-49C4-9902-CADCCF20D5F6}.Debug-NET46|x86.Build.0 = Debug|Any CPU
		{B3C054D6-679A-49C4-9902-CADCCF20D5F6}.Release|Any CPU.ActiveCfg = Release|Any CPU
		{B3C054D6-679A-49C4-9902-CADCCF20D5F6}.Release|Any CPU.Build.0 = Release|Any CPU
		{B3C054D6-679A-49C4-9902-CADCCF20D5F6}.Release|x64.ActiveCfg = Release|Any CPU
		{B3C054D6-679A-49C4-9902-CADCCF20D5F6}.Release|x64.Build.0 = Release|Any CPU
		{B3C054D6-679A-49C4-9902-CADCCF20D5F6}.Release|x86.ActiveCfg = Release|Any CPU
		{B3C054D6-679A-49C4-9902-CADCCF20D5F6}.Release|x86.Build.0 = Release|Any CPU
		{B3C054D6-679A-49C4-9902-CADCCF20D5F6}.Release-NET40|Any CPU.ActiveCfg = Release-NET40|Any CPU
		{B3C054D6-679A-49C4-9902-CADCCF20D5F6}.Release-NET40|Any CPU.Build.0 = Release-NET40|Any CPU
		{B3C054D6-679A-49C4-9902-CADCCF20D5F6}.Release-NET40|x64.ActiveCfg = Release-NET40|Any CPU
		{B3C054D6-679A-49C4-9902-CADCCF20D5F6}.Release-NET40|x64.Build.0 = Release-NET40|Any CPU
		{B3C054D6-679A-49C4-9902-CADCCF20D5F6}.Release-NET40|x86.ActiveCfg = Release-NET40|Any CPU
		{B3C054D6-679A-49C4-9902-CADCCF20D5F6}.Release-NET40|x86.Build.0 = Release-NET40|Any CPU
		{B3C054D6-679A-49C4-9902-CADCCF20D5F6}.Release-NET45|Any CPU.ActiveCfg = Release-NET45|Any CPU
		{B3C054D6-679A-49C4-9902-CADCCF20D5F6}.Release-NET45|Any CPU.Build.0 = Release-NET45|Any CPU
		{B3C054D6-679A-49C4-9902-CADCCF20D5F6}.Release-NET45|x64.ActiveCfg = Release|Any CPU
		{B3C054D6-679A-49C4-9902-CADCCF20D5F6}.Release-NET45|x64.Build.0 = Release|Any CPU
		{B3C054D6-679A-49C4-9902-CADCCF20D5F6}.Release-NET45|x86.ActiveCfg = Release|Any CPU
		{B3C054D6-679A-49C4-9902-CADCCF20D5F6}.Release-NET45|x86.Build.0 = Release|Any CPU
		{B3C054D6-679A-49C4-9902-CADCCF20D5F6}.Release-NET46|Any CPU.ActiveCfg = Release-NET46|Any CPU
		{B3C054D6-679A-49C4-9902-CADCCF20D5F6}.Release-NET46|Any CPU.Build.0 = Release-NET46|Any CPU
		{B3C054D6-679A-49C4-9902-CADCCF20D5F6}.Release-NET46|x64.ActiveCfg = Release|Any CPU
		{B3C054D6-679A-49C4-9902-CADCCF20D5F6}.Release-NET46|x64.Build.0 = Release|Any CPU
		{B3C054D6-679A-49C4-9902-CADCCF20D5F6}.Release-NET46|x86.ActiveCfg = Release|Any CPU
		{B3C054D6-679A-49C4-9902-CADCCF20D5F6}.Release-NET46|x86.Build.0 = Release|Any CPU
		{69F47660-C344-4BB6-98B5-31438B987C06}.Debug|Any CPU.ActiveCfg = Debug|Any CPU
		{69F47660-C344-4BB6-98B5-31438B987C06}.Debug|Any CPU.Build.0 = Debug|Any CPU
		{69F47660-C344-4BB6-98B5-31438B987C06}.Debug|x64.ActiveCfg = Debug|Any CPU
		{69F47660-C344-4BB6-98B5-31438B987C06}.Debug|x64.Build.0 = Debug|Any CPU
		{69F47660-C344-4BB6-98B5-31438B987C06}.Debug|x86.ActiveCfg = Debug|Any CPU
		{69F47660-C344-4BB6-98B5-31438B987C06}.Debug|x86.Build.0 = Debug|Any CPU
		{69F47660-C344-4BB6-98B5-31438B987C06}.Debug-NET40|Any CPU.ActiveCfg = Debug-NET40|Any CPU
		{69F47660-C344-4BB6-98B5-31438B987C06}.Debug-NET40|Any CPU.Build.0 = Debug-NET40|Any CPU
		{69F47660-C344-4BB6-98B5-31438B987C06}.Debug-NET40|x64.ActiveCfg = Debug-NET40|Any CPU
		{69F47660-C344-4BB6-98B5-31438B987C06}.Debug-NET40|x64.Build.0 = Debug-NET40|Any CPU
		{69F47660-C344-4BB6-98B5-31438B987C06}.Debug-NET40|x86.ActiveCfg = Debug-NET40|Any CPU
		{69F47660-C344-4BB6-98B5-31438B987C06}.Debug-NET40|x86.Build.0 = Debug-NET40|Any CPU
		{69F47660-C344-4BB6-98B5-31438B987C06}.Debug-NET45|Any CPU.ActiveCfg = Debug-NET45|Any CPU
		{69F47660-C344-4BB6-98B5-31438B987C06}.Debug-NET45|Any CPU.Build.0 = Debug-NET45|Any CPU
		{69F47660-C344-4BB6-98B5-31438B987C06}.Debug-NET45|x64.ActiveCfg = Debug|Any CPU
		{69F47660-C344-4BB6-98B5-31438B987C06}.Debug-NET45|x64.Build.0 = Debug|Any CPU
		{69F47660-C344-4BB6-98B5-31438B987C06}.Debug-NET45|x86.ActiveCfg = Debug|Any CPU
		{69F47660-C344-4BB6-98B5-31438B987C06}.Debug-NET45|x86.Build.0 = Debug|Any CPU
		{69F47660-C344-4BB6-98B5-31438B987C06}.Debug-NET46|Any CPU.ActiveCfg = Debug-NET46|Any CPU
		{69F47660-C344-4BB6-98B5-31438B987C06}.Debug-NET46|Any CPU.Build.0 = Debug-NET46|Any CPU
		{69F47660-C344-4BB6-98B5-31438B987C06}.Debug-NET46|x64.ActiveCfg = Debug|Any CPU
		{69F47660-C344-4BB6-98B5-31438B987C06}.Debug-NET46|x64.Build.0 = Debug|Any CPU
		{69F47660-C344-4BB6-98B5-31438B987C06}.Debug-NET46|x86.ActiveCfg = Debug|Any CPU
		{69F47660-C344-4BB6-98B5-31438B987C06}.Debug-NET46|x86.Build.0 = Debug|Any CPU
		{69F47660-C344-4BB6-98B5-31438B987C06}.Release|Any CPU.ActiveCfg = Release|Any CPU
		{69F47660-C344-4BB6-98B5-31438B987C06}.Release|Any CPU.Build.0 = Release|Any CPU
		{69F47660-C344-4BB6-98B5-31438B987C06}.Release|x64.ActiveCfg = Release|Any CPU
		{69F47660-C344-4BB6-98B5-31438B987C06}.Release|x64.Build.0 = Release|Any CPU
		{69F47660-C344-4BB6-98B5-31438B987C06}.Release|x86.ActiveCfg = Release|Any CPU
		{69F47660-C344-4BB6-98B5-31438B987C06}.Release|x86.Build.0 = Release|Any CPU
		{69F47660-C344-4BB6-98B5-31438B987C06}.Release-NET40|Any CPU.ActiveCfg = Release-NET40|Any CPU
		{69F47660-C344-4BB6-98B5-31438B987C06}.Release-NET40|Any CPU.Build.0 = Release-NET40|Any CPU
		{69F47660-C344-4BB6-98B5-31438B987C06}.Release-NET40|x64.ActiveCfg = Release-NET40|Any CPU
		{69F47660-C344-4BB6-98B5-31438B987C06}.Release-NET40|x64.Build.0 = Release-NET40|Any CPU
		{69F47660-C344-4BB6-98B5-31438B987C06}.Release-NET40|x86.ActiveCfg = Release-NET40|Any CPU
		{69F47660-C344-4BB6-98B5-31438B987C06}.Release-NET40|x86.Build.0 = Release-NET40|Any CPU
		{69F47660-C344-4BB6-98B5-31438B987C06}.Release-NET45|Any CPU.ActiveCfg = Release-NET45|Any CPU
		{69F47660-C344-4BB6-98B5-31438B987C06}.Release-NET45|Any CPU.Build.0 = Release-NET45|Any CPU
		{69F47660-C344-4BB6-98B5-31438B987C06}.Release-NET45|x64.ActiveCfg = Release|Any CPU
		{69F47660-C344-4BB6-98B5-31438B987C06}.Release-NET45|x64.Build.0 = Release|Any CPU
		{69F47660-C344-4BB6-98B5-31438B987C06}.Release-NET45|x86.ActiveCfg = Release|Any CPU
		{69F47660-C344-4BB6-98B5-31438B987C06}.Release-NET45|x86.Build.0 = Release|Any CPU
		{69F47660-C344-4BB6-98B5-31438B987C06}.Release-NET46|Any CPU.ActiveCfg = Release-NET46|Any CPU
		{69F47660-C344-4BB6-98B5-31438B987C06}.Release-NET46|Any CPU.Build.0 = Release-NET46|Any CPU
		{69F47660-C344-4BB6-98B5-31438B987C06}.Release-NET46|x64.ActiveCfg = Release|Any CPU
		{69F47660-C344-4BB6-98B5-31438B987C06}.Release-NET46|x64.Build.0 = Release|Any CPU
		{69F47660-C344-4BB6-98B5-31438B987C06}.Release-NET46|x86.ActiveCfg = Release|Any CPU
		{69F47660-C344-4BB6-98B5-31438B987C06}.Release-NET46|x86.Build.0 = Release|Any CPU
		{EDF8EB87-5032-47EF-A922-23760BDA3D42}.Debug|Any CPU.ActiveCfg = Debug|Any CPU
		{EDF8EB87-5032-47EF-A922-23760BDA3D42}.Debug|Any CPU.Build.0 = Debug|Any CPU
		{EDF8EB87-5032-47EF-A922-23760BDA3D42}.Debug|x64.ActiveCfg = Debug|Any CPU
		{EDF8EB87-5032-47EF-A922-23760BDA3D42}.Debug|x64.Build.0 = Debug|Any CPU
		{EDF8EB87-5032-47EF-A922-23760BDA3D42}.Debug|x86.ActiveCfg = Debug|Any CPU
		{EDF8EB87-5032-47EF-A922-23760BDA3D42}.Debug|x86.Build.0 = Debug|Any CPU
		{EDF8EB87-5032-47EF-A922-23760BDA3D42}.Debug-NET40|Any CPU.ActiveCfg = Debug-NET40|Any CPU
		{EDF8EB87-5032-47EF-A922-23760BDA3D42}.Debug-NET40|Any CPU.Build.0 = Debug-NET40|Any CPU
		{EDF8EB87-5032-47EF-A922-23760BDA3D42}.Debug-NET40|x64.ActiveCfg = Debug-NET40|Any CPU
		{EDF8EB87-5032-47EF-A922-23760BDA3D42}.Debug-NET40|x64.Build.0 = Debug-NET40|Any CPU
		{EDF8EB87-5032-47EF-A922-23760BDA3D42}.Debug-NET40|x86.ActiveCfg = Debug-NET40|Any CPU
		{EDF8EB87-5032-47EF-A922-23760BDA3D42}.Debug-NET40|x86.Build.0 = Debug-NET40|Any CPU
		{EDF8EB87-5032-47EF-A922-23760BDA3D42}.Debug-NET45|Any CPU.ActiveCfg = Debug-NET45|Any CPU
		{EDF8EB87-5032-47EF-A922-23760BDA3D42}.Debug-NET45|Any CPU.Build.0 = Debug-NET45|Any CPU
		{EDF8EB87-5032-47EF-A922-23760BDA3D42}.Debug-NET45|x64.ActiveCfg = Debug-NET45|Any CPU
		{EDF8EB87-5032-47EF-A922-23760BDA3D42}.Debug-NET45|x64.Build.0 = Debug-NET45|Any CPU
		{EDF8EB87-5032-47EF-A922-23760BDA3D42}.Debug-NET45|x86.ActiveCfg = Debug-NET45|Any CPU
		{EDF8EB87-5032-47EF-A922-23760BDA3D42}.Debug-NET45|x86.Build.0 = Debug-NET45|Any CPU
		{EDF8EB87-5032-47EF-A922-23760BDA3D42}.Debug-NET46|Any CPU.ActiveCfg = Debug-NET46|Any CPU
		{EDF8EB87-5032-47EF-A922-23760BDA3D42}.Debug-NET46|Any CPU.Build.0 = Debug-NET46|Any CPU
		{EDF8EB87-5032-47EF-A922-23760BDA3D42}.Debug-NET46|x64.ActiveCfg = Debug-NET46|Any CPU
		{EDF8EB87-5032-47EF-A922-23760BDA3D42}.Debug-NET46|x64.Build.0 = Debug-NET46|Any CPU
		{EDF8EB87-5032-47EF-A922-23760BDA3D42}.Debug-NET46|x86.ActiveCfg = Debug-NET46|Any CPU
		{EDF8EB87-5032-47EF-A922-23760BDA3D42}.Debug-NET46|x86.Build.0 = Debug-NET46|Any CPU
		{EDF8EB87-5032-47EF-A922-23760BDA3D42}.Release|Any CPU.ActiveCfg = Release|Any CPU
		{EDF8EB87-5032-47EF-A922-23760BDA3D42}.Release|Any CPU.Build.0 = Release|Any CPU
		{EDF8EB87-5032-47EF-A922-23760BDA3D42}.Release|x64.ActiveCfg = Release|Any CPU
		{EDF8EB87-5032-47EF-A922-23760BDA3D42}.Release|x64.Build.0 = Release|Any CPU
		{EDF8EB87-5032-47EF-A922-23760BDA3D42}.Release|x86.ActiveCfg = Release|Any CPU
		{EDF8EB87-5032-47EF-A922-23760BDA3D42}.Release|x86.Build.0 = Release|Any CPU
		{EDF8EB87-5032-47EF-A922-23760BDA3D42}.Release-NET40|Any CPU.ActiveCfg = Release-NET40|Any CPU
		{EDF8EB87-5032-47EF-A922-23760BDA3D42}.Release-NET40|Any CPU.Build.0 = Release-NET40|Any CPU
		{EDF8EB87-5032-47EF-A922-23760BDA3D42}.Release-NET40|x64.ActiveCfg = Release-NET40|Any CPU
		{EDF8EB87-5032-47EF-A922-23760BDA3D42}.Release-NET40|x64.Build.0 = Release-NET40|Any CPU
		{EDF8EB87-5032-47EF-A922-23760BDA3D42}.Release-NET40|x86.ActiveCfg = Release-NET40|Any CPU
		{EDF8EB87-5032-47EF-A922-23760BDA3D42}.Release-NET40|x86.Build.0 = Release-NET40|Any CPU
		{EDF8EB87-5032-47EF-A922-23760BDA3D42}.Release-NET45|Any CPU.ActiveCfg = Release-NET45|Any CPU
		{EDF8EB87-5032-47EF-A922-23760BDA3D42}.Release-NET45|Any CPU.Build.0 = Release-NET45|Any CPU
		{EDF8EB87-5032-47EF-A922-23760BDA3D42}.Release-NET45|x64.ActiveCfg = Release-NET45|Any CPU
		{EDF8EB87-5032-47EF-A922-23760BDA3D42}.Release-NET45|x64.Build.0 = Release-NET45|Any CPU
		{EDF8EB87-5032-47EF-A922-23760BDA3D42}.Release-NET45|x86.ActiveCfg = Release-NET45|Any CPU
		{EDF8EB87-5032-47EF-A922-23760BDA3D42}.Release-NET45|x86.Build.0 = Release-NET45|Any CPU
		{EDF8EB87-5032-47EF-A922-23760BDA3D42}.Release-NET46|Any CPU.ActiveCfg = Release-NET46|Any CPU
		{EDF8EB87-5032-47EF-A922-23760BDA3D42}.Release-NET46|Any CPU.Build.0 = Release-NET46|Any CPU
		{EDF8EB87-5032-47EF-A922-23760BDA3D42}.Release-NET46|x64.ActiveCfg = Release-NET46|Any CPU
		{EDF8EB87-5032-47EF-A922-23760BDA3D42}.Release-NET46|x64.Build.0 = Release-NET46|Any CPU
		{EDF8EB87-5032-47EF-A922-23760BDA3D42}.Release-NET46|x86.ActiveCfg = Release-NET46|Any CPU
		{EDF8EB87-5032-47EF-A922-23760BDA3D42}.Release-NET46|x86.Build.0 = Release-NET46|Any CPU
		{4BC759A7-B662-4177-8767-ADDDE5C0E9EA}.Debug|Any CPU.ActiveCfg = Debug|Any CPU
		{4BC759A7-B662-4177-8767-ADDDE5C0E9EA}.Debug|Any CPU.Build.0 = Debug|Any CPU
		{4BC759A7-B662-4177-8767-ADDDE5C0E9EA}.Debug|x64.ActiveCfg = Debug|Any CPU
		{4BC759A7-B662-4177-8767-ADDDE5C0E9EA}.Debug|x64.Build.0 = Debug|Any CPU
		{4BC759A7-B662-4177-8767-ADDDE5C0E9EA}.Debug|x86.ActiveCfg = Debug|Any CPU
		{4BC759A7-B662-4177-8767-ADDDE5C0E9EA}.Debug|x86.Build.0 = Debug|Any CPU
		{4BC759A7-B662-4177-8767-ADDDE5C0E9EA}.Debug-NET40|Any CPU.ActiveCfg = Debug-NET40|Any CPU
		{4BC759A7-B662-4177-8767-ADDDE5C0E9EA}.Debug-NET40|Any CPU.Build.0 = Debug-NET40|Any CPU
		{4BC759A7-B662-4177-8767-ADDDE5C0E9EA}.Debug-NET40|x64.ActiveCfg = Debug-NET40|Any CPU
		{4BC759A7-B662-4177-8767-ADDDE5C0E9EA}.Debug-NET40|x64.Build.0 = Debug-NET40|Any CPU
		{4BC759A7-B662-4177-8767-ADDDE5C0E9EA}.Debug-NET40|x86.ActiveCfg = Debug-NET40|Any CPU
		{4BC759A7-B662-4177-8767-ADDDE5C0E9EA}.Debug-NET40|x86.Build.0 = Debug-NET40|Any CPU
		{4BC759A7-B662-4177-8767-ADDDE5C0E9EA}.Debug-NET45|Any CPU.ActiveCfg = Debug-NET45|Any CPU
		{4BC759A7-B662-4177-8767-ADDDE5C0E9EA}.Debug-NET45|Any CPU.Build.0 = Debug-NET45|Any CPU
		{4BC759A7-B662-4177-8767-ADDDE5C0E9EA}.Debug-NET45|x64.ActiveCfg = Debug-NET45|Any CPU
		{4BC759A7-B662-4177-8767-ADDDE5C0E9EA}.Debug-NET45|x64.Build.0 = Debug-NET45|Any CPU
		{4BC759A7-B662-4177-8767-ADDDE5C0E9EA}.Debug-NET45|x86.ActiveCfg = Debug-NET45|Any CPU
		{4BC759A7-B662-4177-8767-ADDDE5C0E9EA}.Debug-NET45|x86.Build.0 = Debug-NET45|Any CPU
		{4BC759A7-B662-4177-8767-ADDDE5C0E9EA}.Debug-NET46|Any CPU.ActiveCfg = Debug-NET46|Any CPU
		{4BC759A7-B662-4177-8767-ADDDE5C0E9EA}.Debug-NET46|Any CPU.Build.0 = Debug-NET46|Any CPU
		{4BC759A7-B662-4177-8767-ADDDE5C0E9EA}.Debug-NET46|x64.ActiveCfg = Debug-NET46|Any CPU
		{4BC759A7-B662-4177-8767-ADDDE5C0E9EA}.Debug-NET46|x64.Build.0 = Debug-NET46|Any CPU
		{4BC759A7-B662-4177-8767-ADDDE5C0E9EA}.Debug-NET46|x86.ActiveCfg = Debug-NET46|Any CPU
		{4BC759A7-B662-4177-8767-ADDDE5C0E9EA}.Debug-NET46|x86.Build.0 = Debug-NET46|Any CPU
		{4BC759A7-B662-4177-8767-ADDDE5C0E9EA}.Release|Any CPU.ActiveCfg = Release|Any CPU
		{4BC759A7-B662-4177-8767-ADDDE5C0E9EA}.Release|Any CPU.Build.0 = Release|Any CPU
		{4BC759A7-B662-4177-8767-ADDDE5C0E9EA}.Release|x64.ActiveCfg = Release|Any CPU
		{4BC759A7-B662-4177-8767-ADDDE5C0E9EA}.Release|x64.Build.0 = Release|Any CPU
		{4BC759A7-B662-4177-8767-ADDDE5C0E9EA}.Release|x86.ActiveCfg = Release|Any CPU
		{4BC759A7-B662-4177-8767-ADDDE5C0E9EA}.Release|x86.Build.0 = Release|Any CPU
		{4BC759A7-B662-4177-8767-ADDDE5C0E9EA}.Release-NET40|Any CPU.ActiveCfg = Release-NET40|Any CPU
		{4BC759A7-B662-4177-8767-ADDDE5C0E9EA}.Release-NET40|Any CPU.Build.0 = Release-NET40|Any CPU
		{4BC759A7-B662-4177-8767-ADDDE5C0E9EA}.Release-NET40|x64.ActiveCfg = Release-NET40|Any CPU
		{4BC759A7-B662-4177-8767-ADDDE5C0E9EA}.Release-NET40|x64.Build.0 = Release-NET40|Any CPU
		{4BC759A7-B662-4177-8767-ADDDE5C0E9EA}.Release-NET40|x86.ActiveCfg = Release-NET40|Any CPU
		{4BC759A7-B662-4177-8767-ADDDE5C0E9EA}.Release-NET40|x86.Build.0 = Release-NET40|Any CPU
		{4BC759A7-B662-4177-8767-ADDDE5C0E9EA}.Release-NET45|Any CPU.ActiveCfg = Release-NET45|Any CPU
		{4BC759A7-B662-4177-8767-ADDDE5C0E9EA}.Release-NET45|Any CPU.Build.0 = Release-NET45|Any CPU
		{4BC759A7-B662-4177-8767-ADDDE5C0E9EA}.Release-NET45|x64.ActiveCfg = Release-NET45|Any CPU
		{4BC759A7-B662-4177-8767-ADDDE5C0E9EA}.Release-NET45|x64.Build.0 = Release-NET45|Any CPU
		{4BC759A7-B662-4177-8767-ADDDE5C0E9EA}.Release-NET45|x86.ActiveCfg = Release-NET45|Any CPU
		{4BC759A7-B662-4177-8767-ADDDE5C0E9EA}.Release-NET45|x86.Build.0 = Release-NET45|Any CPU
		{4BC759A7-B662-4177-8767-ADDDE5C0E9EA}.Release-NET46|Any CPU.ActiveCfg = Release-NET46|Any CPU
		{4BC759A7-B662-4177-8767-ADDDE5C0E9EA}.Release-NET46|Any CPU.Build.0 = Release-NET46|Any CPU
		{4BC759A7-B662-4177-8767-ADDDE5C0E9EA}.Release-NET46|x64.ActiveCfg = Release-NET46|Any CPU
		{4BC759A7-B662-4177-8767-ADDDE5C0E9EA}.Release-NET46|x64.Build.0 = Release-NET46|Any CPU
		{4BC759A7-B662-4177-8767-ADDDE5C0E9EA}.Release-NET46|x86.ActiveCfg = Release-NET46|Any CPU
		{4BC759A7-B662-4177-8767-ADDDE5C0E9EA}.Release-NET46|x86.Build.0 = Release-NET46|Any CPU
	EndGlobalSection
	GlobalSection(SolutionProperties) = preSolution
		HideSolutionNode = FALSE
	EndGlobalSection
	GlobalSection(ExtensibilityGlobals) = postSolution
		        SolutionGuid = {BACE1130-D315-4658-B063-566B4F1EBA5B}
		SolutionGuid = {4DC31E7F-3F21-4F0B-B4C8-C20B040E84EF}
	EndGlobalSection
EndGlobal
